// !$*UTF8*$!
{
	archiveVersion = 1;
	classes = {
	};
	objectVersion = 46;
	objects = {

/* Begin PBXBuildFile section */
		251F1BFB1BDFD1DC00B1F3B0 /* AppDelegate.swift in Sources */ = {isa = PBXBuildFile; fileRef = 251F1BFA1BDFD1DC00B1F3B0 /* AppDelegate.swift */; };
		251F1C131BDFD1DC00B1F3B0 /* XerciseTests.swift in Sources */ = {isa = PBXBuildFile; fileRef = 251F1C121BDFD1DC00B1F3B0 /* XerciseTests.swift */; };
		251F1C1E1BDFD1DC00B1F3B0 /* XerciseUITests.swift in Sources */ = {isa = PBXBuildFile; fileRef = 251F1C1D1BDFD1DC00B1F3B0 /* XerciseUITests.swift */; };
		25300A7D1C9BB1280085F98E /* IGLDropDownItem.m in Sources */ = {isa = PBXBuildFile; fileRef = 25300A7A1C9BB1280085F98E /* IGLDropDownItem.m */; };
		25300A7E1C9BB1280085F98E /* IGLDropDownItem.m in Sources */ = {isa = PBXBuildFile; fileRef = 25300A7A1C9BB1280085F98E /* IGLDropDownItem.m */; };
		25300A7F1C9BB1280085F98E /* IGLDropDownItem.m in Sources */ = {isa = PBXBuildFile; fileRef = 25300A7A1C9BB1280085F98E /* IGLDropDownItem.m */; };
		25300A801C9BB1280085F98E /* IGLDropDownMenu.m in Sources */ = {isa = PBXBuildFile; fileRef = 25300A7C1C9BB1280085F98E /* IGLDropDownMenu.m */; };
		25300A811C9BB1280085F98E /* IGLDropDownMenu.m in Sources */ = {isa = PBXBuildFile; fileRef = 25300A7C1C9BB1280085F98E /* IGLDropDownMenu.m */; };
		25300A821C9BB1280085F98E /* IGLDropDownMenu.m in Sources */ = {isa = PBXBuildFile; fileRef = 25300A7C1C9BB1280085F98E /* IGLDropDownMenu.m */; };
		25ACC23A1C4EAAF0001040E8 /* FBSDKLoginKit.framework in Frameworks */ = {isa = PBXBuildFile; fileRef = 25ACC2391C4EAAF0001040E8 /* FBSDKLoginKit.framework */; };
		25ACC23B1C4EAAF0001040E8 /* FBSDKLoginKit.framework in Frameworks */ = {isa = PBXBuildFile; fileRef = 25ACC2391C4EAAF0001040E8 /* FBSDKLoginKit.framework */; };
		25ACC23C1C4EAAF0001040E8 /* FBSDKLoginKit.framework in Frameworks */ = {isa = PBXBuildFile; fileRef = 25ACC2391C4EAAF0001040E8 /* FBSDKLoginKit.framework */; };
		25ACC24B1C4EAFCC001040E8 /* FBSDKCoreKit.framework in Frameworks */ = {isa = PBXBuildFile; fileRef = 25ACC24A1C4EAFCC001040E8 /* FBSDKCoreKit.framework */; };
		25ACC24C1C4EAFCC001040E8 /* FBSDKCoreKit.framework in Frameworks */ = {isa = PBXBuildFile; fileRef = 25ACC24A1C4EAFCC001040E8 /* FBSDKCoreKit.framework */; };
		25ACC24D1C4EAFCC001040E8 /* FBSDKCoreKit.framework in Frameworks */ = {isa = PBXBuildFile; fileRef = 25ACC24A1C4EAFCC001040E8 /* FBSDKCoreKit.framework */; };
		25C2251D1BE47E7400CA75C9 /* Bolts.framework in Frameworks */ = {isa = PBXBuildFile; fileRef = 25C2251C1BE47E7400CA75C9 /* Bolts.framework */; };
		25C2251E1BE47E7400CA75C9 /* Bolts.framework in Frameworks */ = {isa = PBXBuildFile; fileRef = 25C2251C1BE47E7400CA75C9 /* Bolts.framework */; };
		25C2251F1BE47E7400CA75C9 /* Bolts.framework in Frameworks */ = {isa = PBXBuildFile; fileRef = 25C2251C1BE47E7400CA75C9 /* Bolts.framework */; };
		25C225211BE47EA000CA75C9 /* AudioToolbox.framework in Frameworks */ = {isa = PBXBuildFile; fileRef = 25C225201BE47EA000CA75C9 /* AudioToolbox.framework */; };
		25C225231BE47EA500CA75C9 /* CFNetwork.framework in Frameworks */ = {isa = PBXBuildFile; fileRef = 25C225221BE47EA500CA75C9 /* CFNetwork.framework */; };
		25C225251BE47EAC00CA75C9 /* CoreGraphics.framework in Frameworks */ = {isa = PBXBuildFile; fileRef = 25C225241BE47EAC00CA75C9 /* CoreGraphics.framework */; };
		25C225271BE47EBA00CA75C9 /* CoreLocation.framework in Frameworks */ = {isa = PBXBuildFile; fileRef = 25C225261BE47EBA00CA75C9 /* CoreLocation.framework */; };
		25C225291BE47EC200CA75C9 /* QuartzCore.framework in Frameworks */ = {isa = PBXBuildFile; fileRef = 25C225281BE47EC200CA75C9 /* QuartzCore.framework */; };
		25C2252B1BE47EC800CA75C9 /* Security.framework in Frameworks */ = {isa = PBXBuildFile; fileRef = 25C2252A1BE47EC800CA75C9 /* Security.framework */; };
		25C2252F1BE47ED500CA75C9 /* SystemConfiguration.framework in Frameworks */ = {isa = PBXBuildFile; fileRef = 25C2252E1BE47ED500CA75C9 /* SystemConfiguration.framework */; };
		25C225311BE47EDD00CA75C9 /* libz.tbd in Frameworks */ = {isa = PBXBuildFile; fileRef = 25C225301BE47EDD00CA75C9 /* libz.tbd */; };
		25C225331BE47EED00CA75C9 /* libsqlite3.tbd in Frameworks */ = {isa = PBXBuildFile; fileRef = 25C225321BE47EED00CA75C9 /* libsqlite3.tbd */; };
		25C225411BE48E3F00CA75C9 /* iTunesArtwork.png in Resources */ = {isa = PBXBuildFile; fileRef = 25C225401BE48E3F00CA75C9 /* iTunesArtwork.png */; };
		25D62CFB1BE82C2700B8F276 /* AppDelegate.swift in Sources */ = {isa = PBXBuildFile; fileRef = 251F1BFA1BDFD1DC00B1F3B0 /* AppDelegate.swift */; };
		25D62CFC1BE82C2800B8F276 /* AppDelegate.swift in Sources */ = {isa = PBXBuildFile; fileRef = 251F1BFA1BDFD1DC00B1F3B0 /* AppDelegate.swift */; };
		25F9E1581E15804400777826 /* CustomLoginViewController.swift in Sources */ = {isa = PBXBuildFile; fileRef = 25F9E1551E15804400777826 /* CustomLoginViewController.swift */; };
		25F9E1591E15804400777826 /* CustomLoginViewController.swift in Sources */ = {isa = PBXBuildFile; fileRef = 25F9E1551E15804400777826 /* CustomLoginViewController.swift */; };
		25F9E15A1E15804400777826 /* CustomLoginViewController.swift in Sources */ = {isa = PBXBuildFile; fileRef = 25F9E1551E15804400777826 /* CustomLoginViewController.swift */; };
		25F9E15B1E15804400777826 /* CustomSignUpViewController.swift in Sources */ = {isa = PBXBuildFile; fileRef = 25F9E1561E15804400777826 /* CustomSignUpViewController.swift */; };
		25F9E15C1E15804400777826 /* CustomSignUpViewController.swift in Sources */ = {isa = PBXBuildFile; fileRef = 25F9E1561E15804400777826 /* CustomSignUpViewController.swift */; };
		25F9E15D1E15804400777826 /* CustomSignUpViewController.swift in Sources */ = {isa = PBXBuildFile; fileRef = 25F9E1561E15804400777826 /* CustomSignUpViewController.swift */; };
		25F9E15E1E15804400777826 /* InitialViewController.swift in Sources */ = {isa = PBXBuildFile; fileRef = 25F9E1571E15804400777826 /* InitialViewController.swift */; };
		25F9E15F1E15804400777826 /* InitialViewController.swift in Sources */ = {isa = PBXBuildFile; fileRef = 25F9E1571E15804400777826 /* InitialViewController.swift */; };
		25F9E1601E15804400777826 /* InitialViewController.swift in Sources */ = {isa = PBXBuildFile; fileRef = 25F9E1571E15804400777826 /* InitialViewController.swift */; };
		25F9E1621E15806100777826 /* NewXerciseViewController.swift in Sources */ = {isa = PBXBuildFile; fileRef = 25F9E1611E15806100777826 /* NewXerciseViewController.swift */; };
		25F9E1631E15806100777826 /* NewXerciseViewController.swift in Sources */ = {isa = PBXBuildFile; fileRef = 25F9E1611E15806100777826 /* NewXerciseViewController.swift */; };
		25F9E1641E15806100777826 /* NewXerciseViewController.swift in Sources */ = {isa = PBXBuildFile; fileRef = 25F9E1611E15806100777826 /* NewXerciseViewController.swift */; };
		25F9E1671E15807F00777826 /* ExpandedInfoViewController.swift in Sources */ = {isa = PBXBuildFile; fileRef = 25F9E1651E15807F00777826 /* ExpandedInfoViewController.swift */; };
		25F9E1681E15807F00777826 /* ExpandedInfoViewController.swift in Sources */ = {isa = PBXBuildFile; fileRef = 25F9E1651E15807F00777826 /* ExpandedInfoViewController.swift */; };
		25F9E1691E15807F00777826 /* ExpandedInfoViewController.swift in Sources */ = {isa = PBXBuildFile; fileRef = 25F9E1651E15807F00777826 /* ExpandedInfoViewController.swift */; };
		25F9E16A1E15807F00777826 /* InfoTableViewController.swift in Sources */ = {isa = PBXBuildFile; fileRef = 25F9E1661E15807F00777826 /* InfoTableViewController.swift */; };
		25F9E16B1E15807F00777826 /* InfoTableViewController.swift in Sources */ = {isa = PBXBuildFile; fileRef = 25F9E1661E15807F00777826 /* InfoTableViewController.swift */; };
		25F9E16C1E15807F00777826 /* InfoTableViewController.swift in Sources */ = {isa = PBXBuildFile; fileRef = 25F9E1661E15807F00777826 /* InfoTableViewController.swift */; };
		25F9E16E1E15808D00777826 /* DisplayWorkoutTableViewController.swift in Sources */ = {isa = PBXBuildFile; fileRef = 25F9E16D1E15808D00777826 /* DisplayWorkoutTableViewController.swift */; };
		25F9E16F1E15808D00777826 /* DisplayWorkoutTableViewController.swift in Sources */ = {isa = PBXBuildFile; fileRef = 25F9E16D1E15808D00777826 /* DisplayWorkoutTableViewController.swift */; };
		25F9E1701E15808D00777826 /* DisplayWorkoutTableViewController.swift in Sources */ = {isa = PBXBuildFile; fileRef = 25F9E16D1E15808D00777826 /* DisplayWorkoutTableViewController.swift */; };
		25F9E1721E15809C00777826 /* DisplayExerciseTableViewController.swift in Sources */ = {isa = PBXBuildFile; fileRef = 25F9E1711E15809C00777826 /* DisplayExerciseTableViewController.swift */; };
		25F9E1731E15809C00777826 /* DisplayExerciseTableViewController.swift in Sources */ = {isa = PBXBuildFile; fileRef = 25F9E1711E15809C00777826 /* DisplayExerciseTableViewController.swift */; };
		25F9E1741E15809C00777826 /* DisplayExerciseTableViewController.swift in Sources */ = {isa = PBXBuildFile; fileRef = 25F9E1711E15809C00777826 /* DisplayExerciseTableViewController.swift */; };
		25F9E1781E1580A500777826 /* DisplayExerciseDescriptionTableViewCell.swift in Sources */ = {isa = PBXBuildFile; fileRef = 25F9E1751E1580A500777826 /* DisplayExerciseDescriptionTableViewCell.swift */; };
		25F9E1791E1580A500777826 /* DisplayExerciseDescriptionTableViewCell.swift in Sources */ = {isa = PBXBuildFile; fileRef = 25F9E1751E1580A500777826 /* DisplayExerciseDescriptionTableViewCell.swift */; };
		25F9E17A1E1580A500777826 /* DisplayExerciseDescriptionTableViewCell.swift in Sources */ = {isa = PBXBuildFile; fileRef = 25F9E1751E1580A500777826 /* DisplayExerciseDescriptionTableViewCell.swift */; };
		25F9E17B1E1580A500777826 /* DisplayExerciseImageTableViewCell.swift in Sources */ = {isa = PBXBuildFile; fileRef = 25F9E1761E1580A500777826 /* DisplayExerciseImageTableViewCell.swift */; };
		25F9E17C1E1580A500777826 /* DisplayExerciseImageTableViewCell.swift in Sources */ = {isa = PBXBuildFile; fileRef = 25F9E1761E1580A500777826 /* DisplayExerciseImageTableViewCell.swift */; };
		25F9E17D1E1580A500777826 /* DisplayExerciseImageTableViewCell.swift in Sources */ = {isa = PBXBuildFile; fileRef = 25F9E1761E1580A500777826 /* DisplayExerciseImageTableViewCell.swift */; };
		25F9E17E1E1580A500777826 /* DisplayExerciseShareTableViewCell.swift in Sources */ = {isa = PBXBuildFile; fileRef = 25F9E1771E1580A500777826 /* DisplayExerciseShareTableViewCell.swift */; };
		25F9E17F1E1580A500777826 /* DisplayExerciseShareTableViewCell.swift in Sources */ = {isa = PBXBuildFile; fileRef = 25F9E1771E1580A500777826 /* DisplayExerciseShareTableViewCell.swift */; };
		25F9E1801E1580A500777826 /* DisplayExerciseShareTableViewCell.swift in Sources */ = {isa = PBXBuildFile; fileRef = 25F9E1771E1580A500777826 /* DisplayExerciseShareTableViewCell.swift */; };
		25F9E1821E1580BC00777826 /* MyXercisesTableViewController.swift in Sources */ = {isa = PBXBuildFile; fileRef = 25F9E1811E1580BC00777826 /* MyXercisesTableViewController.swift */; };
		25F9E1831E1580BC00777826 /* MyXercisesTableViewController.swift in Sources */ = {isa = PBXBuildFile; fileRef = 25F9E1811E1580BC00777826 /* MyXercisesTableViewController.swift */; };
		25F9E1841E1580BC00777826 /* MyXercisesTableViewController.swift in Sources */ = {isa = PBXBuildFile; fileRef = 25F9E1811E1580BC00777826 /* MyXercisesTableViewController.swift */; };
		25F9E1861E1580D200777826 /* CreateNewExerciseTableViewController.swift in Sources */ = {isa = PBXBuildFile; fileRef = 25F9E1851E1580D200777826 /* CreateNewExerciseTableViewController.swift */; };
		25F9E1871E1580D200777826 /* CreateNewExerciseTableViewController.swift in Sources */ = {isa = PBXBuildFile; fileRef = 25F9E1851E1580D200777826 /* CreateNewExerciseTableViewController.swift */; };
		25F9E1881E1580D200777826 /* CreateNewExerciseTableViewController.swift in Sources */ = {isa = PBXBuildFile; fileRef = 25F9E1851E1580D200777826 /* CreateNewExerciseTableViewController.swift */; };
		25F9E18E1E1580DF00777826 /* ExerciseDescriptionTableViewCell.swift in Sources */ = {isa = PBXBuildFile; fileRef = 25F9E1891E1580DF00777826 /* ExerciseDescriptionTableViewCell.swift */; };
		25F9E18F1E1580DF00777826 /* ExerciseDescriptionTableViewCell.swift in Sources */ = {isa = PBXBuildFile; fileRef = 25F9E1891E1580DF00777826 /* ExerciseDescriptionTableViewCell.swift */; };
		25F9E1901E1580DF00777826 /* ExerciseDescriptionTableViewCell.swift in Sources */ = {isa = PBXBuildFile; fileRef = 25F9E1891E1580DF00777826 /* ExerciseDescriptionTableViewCell.swift */; };
		25F9E1911E1580DF00777826 /* ExerciseImageTableViewCell.swift in Sources */ = {isa = PBXBuildFile; fileRef = 25F9E18A1E1580DF00777826 /* ExerciseImageTableViewCell.swift */; };
		25F9E1921E1580DF00777826 /* ExerciseImageTableViewCell.swift in Sources */ = {isa = PBXBuildFile; fileRef = 25F9E18A1E1580DF00777826 /* ExerciseImageTableViewCell.swift */; };
		25F9E1931E1580DF00777826 /* ExerciseImageTableViewCell.swift in Sources */ = {isa = PBXBuildFile; fileRef = 25F9E18A1E1580DF00777826 /* ExerciseImageTableViewCell.swift */; };
		25F9E1941E1580DF00777826 /* ExerciseRepsTableViewCell.swift in Sources */ = {isa = PBXBuildFile; fileRef = 25F9E18B1E1580DF00777826 /* ExerciseRepsTableViewCell.swift */; };
		25F9E1951E1580DF00777826 /* ExerciseRepsTableViewCell.swift in Sources */ = {isa = PBXBuildFile; fileRef = 25F9E18B1E1580DF00777826 /* ExerciseRepsTableViewCell.swift */; };
		25F9E1961E1580DF00777826 /* ExerciseRepsTableViewCell.swift in Sources */ = {isa = PBXBuildFile; fileRef = 25F9E18B1E1580DF00777826 /* ExerciseRepsTableViewCell.swift */; };
		25F9E1971E1580DF00777826 /* ExerciseSetsTableViewCell.swift in Sources */ = {isa = PBXBuildFile; fileRef = 25F9E18C1E1580DF00777826 /* ExerciseSetsTableViewCell.swift */; };
		25F9E1981E1580DF00777826 /* ExerciseSetsTableViewCell.swift in Sources */ = {isa = PBXBuildFile; fileRef = 25F9E18C1E1580DF00777826 /* ExerciseSetsTableViewCell.swift */; };
		25F9E1991E1580DF00777826 /* ExerciseSetsTableViewCell.swift in Sources */ = {isa = PBXBuildFile; fileRef = 25F9E18C1E1580DF00777826 /* ExerciseSetsTableViewCell.swift */; };
		25F9E19A1E1580DF00777826 /* ExerciseTitleTableViewCell.swift in Sources */ = {isa = PBXBuildFile; fileRef = 25F9E18D1E1580DF00777826 /* ExerciseTitleTableViewCell.swift */; };
		25F9E19B1E1580DF00777826 /* ExerciseTitleTableViewCell.swift in Sources */ = {isa = PBXBuildFile; fileRef = 25F9E18D1E1580DF00777826 /* ExerciseTitleTableViewCell.swift */; };
		25F9E19C1E1580DF00777826 /* ExerciseTitleTableViewCell.swift in Sources */ = {isa = PBXBuildFile; fileRef = 25F9E18D1E1580DF00777826 /* ExerciseTitleTableViewCell.swift */; };
		25F9E19F1E1580EC00777826 /* AddExerciseFromSavedTableViewController.swift in Sources */ = {isa = PBXBuildFile; fileRef = 25F9E19D1E1580EC00777826 /* AddExerciseFromSavedTableViewController.swift */; };
		25F9E1A01E1580EC00777826 /* AddExerciseFromSavedTableViewController.swift in Sources */ = {isa = PBXBuildFile; fileRef = 25F9E19D1E1580EC00777826 /* AddExerciseFromSavedTableViewController.swift */; };
		25F9E1A11E1580EC00777826 /* AddExerciseFromSavedTableViewController.swift in Sources */ = {isa = PBXBuildFile; fileRef = 25F9E19D1E1580EC00777826 /* AddExerciseFromSavedTableViewController.swift */; };
		25F9E1A21E1580EC00777826 /* CreateNewWorkoutTableViewController.swift in Sources */ = {isa = PBXBuildFile; fileRef = 25F9E19E1E1580EC00777826 /* CreateNewWorkoutTableViewController.swift */; };
		25F9E1A31E1580EC00777826 /* CreateNewWorkoutTableViewController.swift in Sources */ = {isa = PBXBuildFile; fileRef = 25F9E19E1E1580EC00777826 /* CreateNewWorkoutTableViewController.swift */; };
		25F9E1A41E1580EC00777826 /* CreateNewWorkoutTableViewController.swift in Sources */ = {isa = PBXBuildFile; fileRef = 25F9E19E1E1580EC00777826 /* CreateNewWorkoutTableViewController.swift */; };
		25F9E1A81E15810200777826 /* MacroHeader.xib in Resources */ = {isa = PBXBuildFile; fileRef = 25F9E1A51E15810200777826 /* MacroHeader.xib */; };
		25F9E1A91E15810200777826 /* MacroHeader.xib in Resources */ = {isa = PBXBuildFile; fileRef = 25F9E1A51E15810200777826 /* MacroHeader.xib */; };
		25F9E1AA1E15810200777826 /* MacroHeader.xib in Resources */ = {isa = PBXBuildFile; fileRef = 25F9E1A51E15810200777826 /* MacroHeader.xib */; };
		25F9E1AB1E15810200777826 /* MacrosTableViewCell.swift in Sources */ = {isa = PBXBuildFile; fileRef = 25F9E1A61E15810200777826 /* MacrosTableViewCell.swift */; };
		25F9E1AC1E15810200777826 /* MacrosTableViewCell.swift in Sources */ = {isa = PBXBuildFile; fileRef = 25F9E1A61E15810200777826 /* MacrosTableViewCell.swift */; };
		25F9E1AD1E15810200777826 /* MacrosTableViewCell.swift in Sources */ = {isa = PBXBuildFile; fileRef = 25F9E1A61E15810200777826 /* MacrosTableViewCell.swift */; };
		25F9E1AE1E15810200777826 /* MacrosTableViewController.swift in Sources */ = {isa = PBXBuildFile; fileRef = 25F9E1A71E15810200777826 /* MacrosTableViewController.swift */; };
		25F9E1AF1E15810200777826 /* MacrosTableViewController.swift in Sources */ = {isa = PBXBuildFile; fileRef = 25F9E1A71E15810200777826 /* MacrosTableViewController.swift */; };
		25F9E1B01E15810200777826 /* MacrosTableViewController.swift in Sources */ = {isa = PBXBuildFile; fileRef = 25F9E1A71E15810200777826 /* MacrosTableViewController.swift */; };
		25F9E1B21E15810B00777826 /* AddMacroPopupView.xib in Resources */ = {isa = PBXBuildFile; fileRef = 25F9E1B11E15810B00777826 /* AddMacroPopupView.xib */; };
		25F9E1B31E15810B00777826 /* AddMacroPopupView.xib in Resources */ = {isa = PBXBuildFile; fileRef = 25F9E1B11E15810B00777826 /* AddMacroPopupView.xib */; };
		25F9E1B41E15810B00777826 /* AddMacroPopupView.xib in Resources */ = {isa = PBXBuildFile; fileRef = 25F9E1B11E15810B00777826 /* AddMacroPopupView.xib */; };
		25F9E1B61E15812200777826 /* UIViewMacro.swift in Sources */ = {isa = PBXBuildFile; fileRef = 25F9E1B51E15812200777826 /* UIViewMacro.swift */; };
		25F9E1B71E15812200777826 /* UIViewMacro.swift in Sources */ = {isa = PBXBuildFile; fileRef = 25F9E1B51E15812200777826 /* UIViewMacro.swift */; };
		25F9E1B81E15812200777826 /* UIViewMacro.swift in Sources */ = {isa = PBXBuildFile; fileRef = 25F9E1B51E15812200777826 /* UIViewMacro.swift */; };
		25F9E1C01E15816000777826 /* Assets.xcassets in Resources */ = {isa = PBXBuildFile; fileRef = 25F9E1BA1E15816000777826 /* Assets.xcassets */; };
		25F9E1C11E15816000777826 /* Assets.xcassets in Resources */ = {isa = PBXBuildFile; fileRef = 25F9E1BA1E15816000777826 /* Assets.xcassets */; };
		25F9E1C21E15816000777826 /* Assets.xcassets in Resources */ = {isa = PBXBuildFile; fileRef = 25F9E1BA1E15816000777826 /* Assets.xcassets */; };
		25F9E1C31E15816000777826 /* LaunchScreen.storyboard in Resources */ = {isa = PBXBuildFile; fileRef = 25F9E1BC1E15816000777826 /* LaunchScreen.storyboard */; };
		25F9E1C41E15816000777826 /* LaunchScreen.storyboard in Resources */ = {isa = PBXBuildFile; fileRef = 25F9E1BC1E15816000777826 /* LaunchScreen.storyboard */; };
		25F9E1C51E15816000777826 /* LaunchScreen.storyboard in Resources */ = {isa = PBXBuildFile; fileRef = 25F9E1BC1E15816000777826 /* LaunchScreen.storyboard */; };
		25F9E1C61E15816000777826 /* Main.storyboard in Resources */ = {isa = PBXBuildFile; fileRef = 25F9E1BE1E15816000777826 /* Main.storyboard */; };
		25F9E1C71E15816000777826 /* Main.storyboard in Resources */ = {isa = PBXBuildFile; fileRef = 25F9E1BE1E15816000777826 /* Main.storyboard */; };
		25F9E1C81E15816000777826 /* Main.storyboard in Resources */ = {isa = PBXBuildFile; fileRef = 25F9E1BE1E15816000777826 /* Main.storyboard */; };
		25F9E1CA1E15817100777826 /* DataManager.swift in Sources */ = {isa = PBXBuildFile; fileRef = 25F9E1C91E15817100777826 /* DataManager.swift */; };
		25F9E1CB1E15817100777826 /* DataManager.swift in Sources */ = {isa = PBXBuildFile; fileRef = 25F9E1C91E15817100777826 /* DataManager.swift */; };
		25F9E1CC1E15817100777826 /* DataManager.swift in Sources */ = {isa = PBXBuildFile; fileRef = 25F9E1C91E15817100777826 /* DataManager.swift */; };
		25F9E1CF1E15817700777826 /* Entry.swift in Sources */ = {isa = PBXBuildFile; fileRef = 25F9E1CD1E15817700777826 /* Entry.swift */; };
		25F9E1D01E15817700777826 /* Entry.swift in Sources */ = {isa = PBXBuildFile; fileRef = 25F9E1CD1E15817700777826 /* Entry.swift */; };
		25F9E1D11E15817700777826 /* Entry.swift in Sources */ = {isa = PBXBuildFile; fileRef = 25F9E1CD1E15817700777826 /* Entry.swift */; };
		25F9E1D21E15817700777826 /* Exercise.swift in Sources */ = {isa = PBXBuildFile; fileRef = 25F9E1CE1E15817700777826 /* Exercise.swift */; };
		25F9E1D31E15817700777826 /* Exercise.swift in Sources */ = {isa = PBXBuildFile; fileRef = 25F9E1CE1E15817700777826 /* Exercise.swift */; };
		25F9E1D41E15817700777826 /* Exercise.swift in Sources */ = {isa = PBXBuildFile; fileRef = 25F9E1CE1E15817700777826 /* Exercise.swift */; };
		25F9E1D61E15817F00777826 /* MuscleGroup.swift in Sources */ = {isa = PBXBuildFile; fileRef = 25F9E1D51E15817F00777826 /* MuscleGroup.swift */; };
		25F9E1D71E15817F00777826 /* MuscleGroup.swift in Sources */ = {isa = PBXBuildFile; fileRef = 25F9E1D51E15817F00777826 /* MuscleGroup.swift */; };
		25F9E1D81E15817F00777826 /* MuscleGroup.swift in Sources */ = {isa = PBXBuildFile; fileRef = 25F9E1D51E15817F00777826 /* MuscleGroup.swift */; };
		25F9E1DA1E15818600777826 /* Workout.swift in Sources */ = {isa = PBXBuildFile; fileRef = 25F9E1D91E15818600777826 /* Workout.swift */; };
		25F9E1DB1E15818600777826 /* Workout.swift in Sources */ = {isa = PBXBuildFile; fileRef = 25F9E1D91E15818600777826 /* Workout.swift */; };
		25F9E1DC1E15818600777826 /* Workout.swift in Sources */ = {isa = PBXBuildFile; fileRef = 25F9E1D91E15818600777826 /* Workout.swift */; };
		25F9E1DF1E1581C100777826 /* Macro.swift in Sources */ = {isa = PBXBuildFile; fileRef = 25F9E1DD1E1581C100777826 /* Macro.swift */; };
		25F9E1E01E1581C100777826 /* Macro.swift in Sources */ = {isa = PBXBuildFile; fileRef = 25F9E1DD1E1581C100777826 /* Macro.swift */; };
		25F9E1E11E1581C100777826 /* Macro.swift in Sources */ = {isa = PBXBuildFile; fileRef = 25F9E1DD1E1581C100777826 /* Macro.swift */; };
		25F9E1E21E1581C100777826 /* MacroGoal.swift in Sources */ = {isa = PBXBuildFile; fileRef = 25F9E1DE1E1581C100777826 /* MacroGoal.swift */; };
		25F9E1E31E1581C100777826 /* MacroGoal.swift in Sources */ = {isa = PBXBuildFile; fileRef = 25F9E1DE1E1581C100777826 /* MacroGoal.swift */; };
		25F9E1E41E1581C100777826 /* MacroGoal.swift in Sources */ = {isa = PBXBuildFile; fileRef = 25F9E1DE1E1581C100777826 /* MacroGoal.swift */; };
		25F9E1E61E1581D500777826 /* XerciseConstants.swift in Sources */ = {isa = PBXBuildFile; fileRef = 25F9E1E51E1581D500777826 /* XerciseConstants.swift */; };
		25F9E1E71E1581D500777826 /* XerciseConstants.swift in Sources */ = {isa = PBXBuildFile; fileRef = 25F9E1E51E1581D500777826 /* XerciseConstants.swift */; };
		25F9E1E81E1581D500777826 /* XerciseConstants.swift in Sources */ = {isa = PBXBuildFile; fileRef = 25F9E1E51E1581D500777826 /* XerciseConstants.swift */; };
		25F9E1EA1E1581EC00777826 /* ExercisesByMuscleGroup.swift in Sources */ = {isa = PBXBuildFile; fileRef = 25F9E1E91E1581EC00777826 /* ExercisesByMuscleGroup.swift */; };
		25F9E1EB1E1581EC00777826 /* ExercisesByMuscleGroup.swift in Sources */ = {isa = PBXBuildFile; fileRef = 25F9E1E91E1581EC00777826 /* ExercisesByMuscleGroup.swift */; };
		25F9E1EC1E1581EC00777826 /* ExercisesByMuscleGroup.swift in Sources */ = {isa = PBXBuildFile; fileRef = 25F9E1E91E1581EC00777826 /* ExercisesByMuscleGroup.swift */; };
		25F9E1EF1E1581FA00777826 /* Xercise.xcdatamodeld in Sources */ = {isa = PBXBuildFile; fileRef = 25F9E1ED1E1581FA00777826 /* Xercise.xcdatamodeld */; };
		25F9E1F01E1581FA00777826 /* Xercise.xcdatamodeld in Sources */ = {isa = PBXBuildFile; fileRef = 25F9E1ED1E1581FA00777826 /* Xercise.xcdatamodeld */; };
		25F9E1F11E1581FA00777826 /* Xercise.xcdatamodeld in Sources */ = {isa = PBXBuildFile; fileRef = 25F9E1ED1E1581FA00777826 /* Xercise.xcdatamodeld */; };
		25F9E1F41E15821700777826 /* GoogleService-Info.plist in Resources */ = {isa = PBXBuildFile; fileRef = 25F9E1F21E15821700777826 /* GoogleService-Info.plist */; };
		25F9E1F51E15821700777826 /* GoogleService-Info.plist in Resources */ = {isa = PBXBuildFile; fileRef = 25F9E1F21E15821700777826 /* GoogleService-Info.plist */; };
		25F9E1F61E15821700777826 /* GoogleService-Info.plist in Resources */ = {isa = PBXBuildFile; fileRef = 25F9E1F21E15821700777826 /* GoogleService-Info.plist */; };
		25F9E1F71E15821700777826 /* Info.plist in Resources */ = {isa = PBXBuildFile; fileRef = 25F9E1F31E15821700777826 /* Info.plist */; };
		25F9E1F81E15821700777826 /* Info.plist in Resources */ = {isa = PBXBuildFile; fileRef = 25F9E1F31E15821700777826 /* Info.plist */; };
		25F9E1F91E15821700777826 /* Info.plist in Resources */ = {isa = PBXBuildFile; fileRef = 25F9E1F31E15821700777826 /* Info.plist */; };
		25F9E1FC1E15824F00777826 /* UITextField+Shake.m in Sources */ = {isa = PBXBuildFile; fileRef = 25F9E1FB1E15824F00777826 /* UITextField+Shake.m */; };
		25F9E1FD1E15824F00777826 /* UITextField+Shake.m in Sources */ = {isa = PBXBuildFile; fileRef = 25F9E1FB1E15824F00777826 /* UITextField+Shake.m */; };
		25F9E1FE1E15824F00777826 /* UITextField+Shake.m in Sources */ = {isa = PBXBuildFile; fileRef = 25F9E1FB1E15824F00777826 /* UITextField+Shake.m */; };
		55B42ABC91D9B87EB1E1DEAB /* Pods_Xercise.framework in Frameworks */ = {isa = PBXBuildFile; fileRef = 602E956B0FA5D0453E2FB48A /* Pods_Xercise.framework */; };
		624547FA8CF674B89ABF2A0C /* Pods_XerciseTests.framework in Frameworks */ = {isa = PBXBuildFile; fileRef = E3730988F14965417E0F832C /* Pods_XerciseTests.framework */; };
		8DD515B14C2A4336F3AF016C /* Pods_XerciseUITests.framework in Frameworks */ = {isa = PBXBuildFile; fileRef = 47B59F9F62A52296AC8F535B /* Pods_XerciseUITests.framework */; };
/* End PBXBuildFile section */

/* Begin PBXContainerItemProxy section */
		251F1C0F1BDFD1DC00B1F3B0 /* PBXContainerItemProxy */ = {
			isa = PBXContainerItemProxy;
			containerPortal = 251F1BEF1BDFD1DC00B1F3B0 /* Project object */;
			proxyType = 1;
			remoteGlobalIDString = 251F1BF61BDFD1DC00B1F3B0;
			remoteInfo = Xercise;
		};
		251F1C1A1BDFD1DC00B1F3B0 /* PBXContainerItemProxy */ = {
			isa = PBXContainerItemProxy;
			containerPortal = 251F1BEF1BDFD1DC00B1F3B0 /* Project object */;
			proxyType = 1;
			remoteGlobalIDString = 251F1BF61BDFD1DC00B1F3B0;
			remoteInfo = Xercise;
		};
/* End PBXContainerItemProxy section */

/* Begin PBXFileReference section */
		251F1BF71BDFD1DC00B1F3B0 /* Xercise.app */ = {isa = PBXFileReference; explicitFileType = wrapper.application; includeInIndex = 0; path = Xercise.app; sourceTree = BUILT_PRODUCTS_DIR; };
		251F1BFA1BDFD1DC00B1F3B0 /* AppDelegate.swift */ = {isa = PBXFileReference; lastKnownFileType = sourcecode.swift; path = AppDelegate.swift; sourceTree = "<group>"; };
		251F1C0E1BDFD1DC00B1F3B0 /* XerciseTests.xctest */ = {isa = PBXFileReference; explicitFileType = wrapper.cfbundle; includeInIndex = 0; path = XerciseTests.xctest; sourceTree = BUILT_PRODUCTS_DIR; };
		251F1C121BDFD1DC00B1F3B0 /* XerciseTests.swift */ = {isa = PBXFileReference; lastKnownFileType = sourcecode.swift; path = XerciseTests.swift; sourceTree = "<group>"; };
		251F1C141BDFD1DC00B1F3B0 /* Info.plist */ = {isa = PBXFileReference; lastKnownFileType = text.plist.xml; path = Info.plist; sourceTree = "<group>"; };
		251F1C191BDFD1DC00B1F3B0 /* XerciseUITests.xctest */ = {isa = PBXFileReference; explicitFileType = wrapper.cfbundle; includeInIndex = 0; path = XerciseUITests.xctest; sourceTree = BUILT_PRODUCTS_DIR; };
		251F1C1D1BDFD1DC00B1F3B0 /* XerciseUITests.swift */ = {isa = PBXFileReference; lastKnownFileType = sourcecode.swift; path = XerciseUITests.swift; sourceTree = "<group>"; };
		251F1C1F1BDFD1DC00B1F3B0 /* Info.plist */ = {isa = PBXFileReference; lastKnownFileType = text.plist.xml; path = Info.plist; sourceTree = "<group>"; };
		25300A791C9BB1280085F98E /* IGLDropDownItem.h */ = {isa = PBXFileReference; fileEncoding = 4; lastKnownFileType = sourcecode.c.h; path = IGLDropDownItem.h; sourceTree = "<group>"; };
		25300A7A1C9BB1280085F98E /* IGLDropDownItem.m */ = {isa = PBXFileReference; fileEncoding = 4; lastKnownFileType = sourcecode.c.objc; path = IGLDropDownItem.m; sourceTree = "<group>"; };
		25300A7B1C9BB1280085F98E /* IGLDropDownMenu.h */ = {isa = PBXFileReference; fileEncoding = 4; lastKnownFileType = sourcecode.c.h; path = IGLDropDownMenu.h; sourceTree = "<group>"; };
		25300A7C1C9BB1280085F98E /* IGLDropDownMenu.m */ = {isa = PBXFileReference; fileEncoding = 4; lastKnownFileType = sourcecode.c.objc; path = IGLDropDownMenu.m; sourceTree = "<group>"; };
		25ACC2391C4EAAF0001040E8 /* FBSDKLoginKit.framework */ = {isa = PBXFileReference; lastKnownFileType = wrapper.framework; name = FBSDKLoginKit.framework; path = "parse-library-1-2/FBSDKLoginKit.framework"; sourceTree = "<group>"; };
		25ACC24A1C4EAFCC001040E8 /* FBSDKCoreKit.framework */ = {isa = PBXFileReference; lastKnownFileType = wrapper.framework; name = FBSDKCoreKit.framework; path = "parse-library-1-2/FBSDKCoreKit.framework"; sourceTree = "<group>"; };
		25C2251C1BE47E7400CA75C9 /* Bolts.framework */ = {isa = PBXFileReference; lastKnownFileType = wrapper.framework; name = Bolts.framework; path = "parse-library-1-2/Bolts.framework"; sourceTree = "<group>"; };
		25C225201BE47EA000CA75C9 /* AudioToolbox.framework */ = {isa = PBXFileReference; lastKnownFileType = wrapper.framework; name = AudioToolbox.framework; path = System/Library/Frameworks/AudioToolbox.framework; sourceTree = SDKROOT; };
		25C225221BE47EA500CA75C9 /* CFNetwork.framework */ = {isa = PBXFileReference; lastKnownFileType = wrapper.framework; name = CFNetwork.framework; path = System/Library/Frameworks/CFNetwork.framework; sourceTree = SDKROOT; };
		25C225241BE47EAC00CA75C9 /* CoreGraphics.framework */ = {isa = PBXFileReference; lastKnownFileType = wrapper.framework; name = CoreGraphics.framework; path = System/Library/Frameworks/CoreGraphics.framework; sourceTree = SDKROOT; };
		25C225261BE47EBA00CA75C9 /* CoreLocation.framework */ = {isa = PBXFileReference; lastKnownFileType = wrapper.framework; name = CoreLocation.framework; path = System/Library/Frameworks/CoreLocation.framework; sourceTree = SDKROOT; };
		25C225281BE47EC200CA75C9 /* QuartzCore.framework */ = {isa = PBXFileReference; lastKnownFileType = wrapper.framework; name = QuartzCore.framework; path = System/Library/Frameworks/QuartzCore.framework; sourceTree = SDKROOT; };
		25C2252A1BE47EC800CA75C9 /* Security.framework */ = {isa = PBXFileReference; lastKnownFileType = wrapper.framework; name = Security.framework; path = System/Library/Frameworks/Security.framework; sourceTree = SDKROOT; };
		25C2252E1BE47ED500CA75C9 /* SystemConfiguration.framework */ = {isa = PBXFileReference; lastKnownFileType = wrapper.framework; name = SystemConfiguration.framework; path = System/Library/Frameworks/SystemConfiguration.framework; sourceTree = SDKROOT; };
		25C225301BE47EDD00CA75C9 /* libz.tbd */ = {isa = PBXFileReference; lastKnownFileType = "sourcecode.text-based-dylib-definition"; name = libz.tbd; path = usr/lib/libz.tbd; sourceTree = SDKROOT; };
		25C225321BE47EED00CA75C9 /* libsqlite3.tbd */ = {isa = PBXFileReference; lastKnownFileType = "sourcecode.text-based-dylib-definition"; name = libsqlite3.tbd; path = usr/lib/libsqlite3.tbd; sourceTree = SDKROOT; };
		25C225401BE48E3F00CA75C9 /* iTunesArtwork.png */ = {isa = PBXFileReference; lastKnownFileType = image.png; name = iTunesArtwork.png; path = Resources/iTunesArtwork.png; sourceTree = "<group>"; };
		25F9E1551E15804400777826 /* CustomLoginViewController.swift */ = {isa = PBXFileReference; fileEncoding = 4; lastKnownFileType = sourcecode.swift; name = CustomLoginViewController.swift; path = Login_SignUp/CustomLoginViewController.swift; sourceTree = "<group>"; };
		25F9E1561E15804400777826 /* CustomSignUpViewController.swift */ = {isa = PBXFileReference; fileEncoding = 4; lastKnownFileType = sourcecode.swift; name = CustomSignUpViewController.swift; path = Login_SignUp/CustomSignUpViewController.swift; sourceTree = "<group>"; };
		25F9E1571E15804400777826 /* InitialViewController.swift */ = {isa = PBXFileReference; fileEncoding = 4; lastKnownFileType = sourcecode.swift; name = InitialViewController.swift; path = Login_SignUp/InitialViewController.swift; sourceTree = "<group>"; };
		25F9E1611E15806100777826 /* NewXerciseViewController.swift */ = {isa = PBXFileReference; fileEncoding = 4; lastKnownFileType = sourcecode.swift; name = NewXerciseViewController.swift; path = Home/NewXerciseViewController.swift; sourceTree = "<group>"; };
		25F9E1651E15807F00777826 /* ExpandedInfoViewController.swift */ = {isa = PBXFileReference; fileEncoding = 4; lastKnownFileType = sourcecode.swift; name = ExpandedInfoViewController.swift; path = Info/ExpandedInfoViewController.swift; sourceTree = "<group>"; };
		25F9E1661E15807F00777826 /* InfoTableViewController.swift */ = {isa = PBXFileReference; fileEncoding = 4; lastKnownFileType = sourcecode.swift; name = InfoTableViewController.swift; path = Info/InfoTableViewController.swift; sourceTree = "<group>"; };
		25F9E16D1E15808D00777826 /* DisplayWorkoutTableViewController.swift */ = {isa = PBXFileReference; fileEncoding = 4; lastKnownFileType = sourcecode.swift; name = DisplayWorkoutTableViewController.swift; path = DisplayWorkout/DisplayWorkoutTableViewController.swift; sourceTree = "<group>"; };
		25F9E1711E15809C00777826 /* DisplayExerciseTableViewController.swift */ = {isa = PBXFileReference; fileEncoding = 4; lastKnownFileType = sourcecode.swift; name = DisplayExerciseTableViewController.swift; path = DisplayExercise/DisplayExerciseTableViewController.swift; sourceTree = "<group>"; };
		25F9E1751E1580A500777826 /* DisplayExerciseDescriptionTableViewCell.swift */ = {isa = PBXFileReference; fileEncoding = 4; lastKnownFileType = sourcecode.swift; name = DisplayExerciseDescriptionTableViewCell.swift; path = DisplayExercise/DisplayExerciseDescriptionTableViewCell.swift; sourceTree = "<group>"; };
		25F9E1761E1580A500777826 /* DisplayExerciseImageTableViewCell.swift */ = {isa = PBXFileReference; fileEncoding = 4; lastKnownFileType = sourcecode.swift; name = DisplayExerciseImageTableViewCell.swift; path = DisplayExercise/DisplayExerciseImageTableViewCell.swift; sourceTree = "<group>"; };
		25F9E1771E1580A500777826 /* DisplayExerciseShareTableViewCell.swift */ = {isa = PBXFileReference; fileEncoding = 4; lastKnownFileType = sourcecode.swift; name = DisplayExerciseShareTableViewCell.swift; path = DisplayExercise/DisplayExerciseShareTableViewCell.swift; sourceTree = "<group>"; };
		25F9E1811E1580BC00777826 /* MyXercisesTableViewController.swift */ = {isa = PBXFileReference; fileEncoding = 4; lastKnownFileType = sourcecode.swift; name = MyXercisesTableViewController.swift; path = MyXercises/MyXercisesTableViewController.swift; sourceTree = "<group>"; };
		25F9E1851E1580D200777826 /* CreateNewExerciseTableViewController.swift */ = {isa = PBXFileReference; fileEncoding = 4; lastKnownFileType = sourcecode.swift; name = CreateNewExerciseTableViewController.swift; path = NewExercise/CreateNewExerciseTableViewController.swift; sourceTree = "<group>"; };
		25F9E1891E1580DF00777826 /* ExerciseDescriptionTableViewCell.swift */ = {isa = PBXFileReference; fileEncoding = 4; lastKnownFileType = sourcecode.swift; name = ExerciseDescriptionTableViewCell.swift; path = NewExercise/ExerciseDescriptionTableViewCell.swift; sourceTree = "<group>"; };
		25F9E18A1E1580DF00777826 /* ExerciseImageTableViewCell.swift */ = {isa = PBXFileReference; fileEncoding = 4; lastKnownFileType = sourcecode.swift; name = ExerciseImageTableViewCell.swift; path = NewExercise/ExerciseImageTableViewCell.swift; sourceTree = "<group>"; };
		25F9E18B1E1580DF00777826 /* ExerciseRepsTableViewCell.swift */ = {isa = PBXFileReference; fileEncoding = 4; lastKnownFileType = sourcecode.swift; name = ExerciseRepsTableViewCell.swift; path = NewExercise/ExerciseRepsTableViewCell.swift; sourceTree = "<group>"; };
		25F9E18C1E1580DF00777826 /* ExerciseSetsTableViewCell.swift */ = {isa = PBXFileReference; fileEncoding = 4; lastKnownFileType = sourcecode.swift; name = ExerciseSetsTableViewCell.swift; path = NewExercise/ExerciseSetsTableViewCell.swift; sourceTree = "<group>"; };
		25F9E18D1E1580DF00777826 /* ExerciseTitleTableViewCell.swift */ = {isa = PBXFileReference; fileEncoding = 4; lastKnownFileType = sourcecode.swift; name = ExerciseTitleTableViewCell.swift; path = NewExercise/ExerciseTitleTableViewCell.swift; sourceTree = "<group>"; };
		25F9E19D1E1580EC00777826 /* AddExerciseFromSavedTableViewController.swift */ = {isa = PBXFileReference; fileEncoding = 4; lastKnownFileType = sourcecode.swift; name = AddExerciseFromSavedTableViewController.swift; path = NewWorkout/AddExerciseFromSavedTableViewController.swift; sourceTree = "<group>"; };
		25F9E19E1E1580EC00777826 /* CreateNewWorkoutTableViewController.swift */ = {isa = PBXFileReference; fileEncoding = 4; lastKnownFileType = sourcecode.swift; name = CreateNewWorkoutTableViewController.swift; path = NewWorkout/CreateNewWorkoutTableViewController.swift; sourceTree = "<group>"; };
		25F9E1A51E15810200777826 /* MacroHeader.xib */ = {isa = PBXFileReference; fileEncoding = 4; lastKnownFileType = file.xib; name = MacroHeader.xib; path = Macros/MacroHeader.xib; sourceTree = "<group>"; };
		25F9E1A61E15810200777826 /* MacrosTableViewCell.swift */ = {isa = PBXFileReference; fileEncoding = 4; lastKnownFileType = sourcecode.swift; name = MacrosTableViewCell.swift; path = Macros/MacrosTableViewCell.swift; sourceTree = "<group>"; };
		25F9E1A71E15810200777826 /* MacrosTableViewController.swift */ = {isa = PBXFileReference; fileEncoding = 4; lastKnownFileType = sourcecode.swift; name = MacrosTableViewController.swift; path = Macros/MacrosTableViewController.swift; sourceTree = "<group>"; };
		25F9E1B11E15810B00777826 /* AddMacroPopupView.xib */ = {isa = PBXFileReference; fileEncoding = 4; lastKnownFileType = file.xib; name = AddMacroPopupView.xib; path = Macros/AddMacroPopupView.xib; sourceTree = "<group>"; };
		25F9E1B51E15812200777826 /* UIViewMacro.swift */ = {isa = PBXFileReference; fileEncoding = 4; lastKnownFileType = sourcecode.swift; name = UIViewMacro.swift; path = Macros/UIViewMacro.swift; sourceTree = "<group>"; };
		25F9E1BA1E15816000777826 /* Assets.xcassets */ = {isa = PBXFileReference; lastKnownFileType = folder.assetcatalog; name = Assets.xcassets; path = Resources/Assets.xcassets; sourceTree = "<group>"; };
		25F9E1BD1E15816000777826 /* Base */ = {isa = PBXFileReference; lastKnownFileType = file.storyboard; name = Base; path = LaunchScreen.storyboard; sourceTree = "<group>"; };
		25F9E1BF1E15816000777826 /* Base */ = {isa = PBXFileReference; lastKnownFileType = file.storyboard; name = Base; path = Main.storyboard; sourceTree = "<group>"; };
		25F9E1C91E15817100777826 /* DataManager.swift */ = {isa = PBXFileReference; fileEncoding = 4; lastKnownFileType = sourcecode.swift; name = DataManager.swift; path = Resources/DataManager.swift; sourceTree = "<group>"; };
		25F9E1CD1E15817700777826 /* Entry.swift */ = {isa = PBXFileReference; fileEncoding = 4; lastKnownFileType = sourcecode.swift; name = Entry.swift; path = Resources/Entry.swift; sourceTree = "<group>"; };
		25F9E1CE1E15817700777826 /* Exercise.swift */ = {isa = PBXFileReference; fileEncoding = 4; lastKnownFileType = sourcecode.swift; name = Exercise.swift; path = Resources/Exercise.swift; sourceTree = "<group>"; };
		25F9E1D51E15817F00777826 /* MuscleGroup.swift */ = {isa = PBXFileReference; fileEncoding = 4; lastKnownFileType = sourcecode.swift; name = MuscleGroup.swift; path = Resources/MuscleGroup.swift; sourceTree = "<group>"; };
		25F9E1D91E15818600777826 /* Workout.swift */ = {isa = PBXFileReference; fileEncoding = 4; lastKnownFileType = sourcecode.swift; name = Workout.swift; path = Resources/Workout.swift; sourceTree = "<group>"; };
		25F9E1DD1E1581C100777826 /* Macro.swift */ = {isa = PBXFileReference; fileEncoding = 4; lastKnownFileType = sourcecode.swift; name = Macro.swift; path = Resources/Macro.swift; sourceTree = "<group>"; };
		25F9E1DE1E1581C100777826 /* MacroGoal.swift */ = {isa = PBXFileReference; fileEncoding = 4; lastKnownFileType = sourcecode.swift; name = MacroGoal.swift; path = Resources/MacroGoal.swift; sourceTree = "<group>"; };
		25F9E1E51E1581D500777826 /* XerciseConstants.swift */ = {isa = PBXFileReference; fileEncoding = 4; lastKnownFileType = sourcecode.swift; name = XerciseConstants.swift; path = Resources/XerciseConstants.swift; sourceTree = "<group>"; };
		25F9E1E91E1581EC00777826 /* ExercisesByMuscleGroup.swift */ = {isa = PBXFileReference; fileEncoding = 4; lastKnownFileType = sourcecode.swift; name = ExercisesByMuscleGroup.swift; path = Resources/ExercisesByMuscleGroup.swift; sourceTree = "<group>"; };
		25F9E1EE1E1581FA00777826 /* Xercise.xcdatamodel */ = {isa = PBXFileReference; lastKnownFileType = wrapper.xcdatamodel; path = Xercise.xcdatamodel; sourceTree = "<group>"; };
		25F9E1F21E15821700777826 /* GoogleService-Info.plist */ = {isa = PBXFileReference; fileEncoding = 4; lastKnownFileType = text.plist.xml; name = "GoogleService-Info.plist"; path = "Resources/GoogleService-Info.plist"; sourceTree = "<group>"; };
		25F9E1F31E15821700777826 /* Info.plist */ = {isa = PBXFileReference; fileEncoding = 4; lastKnownFileType = text.plist.xml; name = Info.plist; path = Resources/Info.plist; sourceTree = "<group>"; };
		25F9E1FA1E15823700777826 /* Xercise-Bridging-Header.h */ = {isa = PBXFileReference; fileEncoding = 4; lastKnownFileType = sourcecode.c.h; name = "Xercise-Bridging-Header.h"; path = "Resources/Xercise-Bridging-Header.h"; sourceTree = "<group>"; };
		25F9E1FB1E15824F00777826 /* UITextField+Shake.m */ = {isa = PBXFileReference; fileEncoding = 4; lastKnownFileType = sourcecode.c.objc; name = "UITextField+Shake.m"; path = "Resources/UITextField+Shake.m"; sourceTree = "<group>"; };
		25F9E1FF1E15825B00777826 /* UITextField+Shake.h */ = {isa = PBXFileReference; fileEncoding = 4; lastKnownFileType = sourcecode.c.h; name = "UITextField+Shake.h"; path = "Resources/UITextField+Shake.h"; sourceTree = "<group>"; };
		3BFBD89AC0AA1A2D726BEF2F /* Pods-XerciseTests.debug.xcconfig */ = {isa = PBXFileReference; includeInIndex = 1; lastKnownFileType = text.xcconfig; name = "Pods-XerciseTests.debug.xcconfig"; path = "Pods/Target Support Files/Pods-XerciseTests/Pods-XerciseTests.debug.xcconfig"; sourceTree = "<group>"; };
		47B59F9F62A52296AC8F535B /* Pods_XerciseUITests.framework */ = {isa = PBXFileReference; explicitFileType = wrapper.framework; includeInIndex = 0; path = Pods_XerciseUITests.framework; sourceTree = BUILT_PRODUCTS_DIR; };
		4A5BFAC665D62C2C7378121D /* Pods-XerciseUITests.release.xcconfig */ = {isa = PBXFileReference; includeInIndex = 1; lastKnownFileType = text.xcconfig; name = "Pods-XerciseUITests.release.xcconfig"; path = "Pods/Target Support Files/Pods-XerciseUITests/Pods-XerciseUITests.release.xcconfig"; sourceTree = "<group>"; };
		4FC901D8CE0B1C1A7A647927 /* Pods-Xercise.release.xcconfig */ = {isa = PBXFileReference; includeInIndex = 1; lastKnownFileType = text.xcconfig; name = "Pods-Xercise.release.xcconfig"; path = "Pods/Target Support Files/Pods-Xercise/Pods-Xercise.release.xcconfig"; sourceTree = "<group>"; };
		5E8D4AE415572171B6AF3EB9 /* Pods-Xercise.debug.xcconfig */ = {isa = PBXFileReference; includeInIndex = 1; lastKnownFileType = text.xcconfig; name = "Pods-Xercise.debug.xcconfig"; path = "Pods/Target Support Files/Pods-Xercise/Pods-Xercise.debug.xcconfig"; sourceTree = "<group>"; };
		602E956B0FA5D0453E2FB48A /* Pods_Xercise.framework */ = {isa = PBXFileReference; explicitFileType = wrapper.framework; includeInIndex = 0; path = Pods_Xercise.framework; sourceTree = BUILT_PRODUCTS_DIR; };
		7216799C79EA730E836B6ED4 /* Pods-XerciseTests.release.xcconfig */ = {isa = PBXFileReference; includeInIndex = 1; lastKnownFileType = text.xcconfig; name = "Pods-XerciseTests.release.xcconfig"; path = "Pods/Target Support Files/Pods-XerciseTests/Pods-XerciseTests.release.xcconfig"; sourceTree = "<group>"; };
		87850179EFBE1D6E5BDCDCD2 /* Pods-XerciseUITests.debug.xcconfig */ = {isa = PBXFileReference; includeInIndex = 1; lastKnownFileType = text.xcconfig; name = "Pods-XerciseUITests.debug.xcconfig"; path = "Pods/Target Support Files/Pods-XerciseUITests/Pods-XerciseUITests.debug.xcconfig"; sourceTree = "<group>"; };
		E3730988F14965417E0F832C /* Pods_XerciseTests.framework */ = {isa = PBXFileReference; explicitFileType = wrapper.framework; includeInIndex = 0; path = Pods_XerciseTests.framework; sourceTree = BUILT_PRODUCTS_DIR; };
/* End PBXFileReference section */

/* Begin PBXFrameworksBuildPhase section */
		251F1BF41BDFD1DC00B1F3B0 /* Frameworks */ = {
			isa = PBXFrameworksBuildPhase;
			buildActionMask = 2147483647;
			files = (
				25C225331BE47EED00CA75C9 /* libsqlite3.tbd in Frameworks */,
				25C225311BE47EDD00CA75C9 /* libz.tbd in Frameworks */,
				25ACC23A1C4EAAF0001040E8 /* FBSDKLoginKit.framework in Frameworks */,
				25C2252F1BE47ED500CA75C9 /* SystemConfiguration.framework in Frameworks */,
				25C2252B1BE47EC800CA75C9 /* Security.framework in Frameworks */,
				25C225291BE47EC200CA75C9 /* QuartzCore.framework in Frameworks */,
				25C225271BE47EBA00CA75C9 /* CoreLocation.framework in Frameworks */,
				25C225251BE47EAC00CA75C9 /* CoreGraphics.framework in Frameworks */,
				25C225231BE47EA500CA75C9 /* CFNetwork.framework in Frameworks */,
				25C225211BE47EA000CA75C9 /* AudioToolbox.framework in Frameworks */,
				25ACC24B1C4EAFCC001040E8 /* FBSDKCoreKit.framework in Frameworks */,
				25C2251D1BE47E7400CA75C9 /* Bolts.framework in Frameworks */,
				55B42ABC91D9B87EB1E1DEAB /* Pods_Xercise.framework in Frameworks */,
			);
			runOnlyForDeploymentPostprocessing = 0;
		};
		251F1C0B1BDFD1DC00B1F3B0 /* Frameworks */ = {
			isa = PBXFrameworksBuildPhase;
			buildActionMask = 2147483647;
			files = (
				25ACC24C1C4EAFCC001040E8 /* FBSDKCoreKit.framework in Frameworks */,
				25ACC23B1C4EAAF0001040E8 /* FBSDKLoginKit.framework in Frameworks */,
				25C2251E1BE47E7400CA75C9 /* Bolts.framework in Frameworks */,
				624547FA8CF674B89ABF2A0C /* Pods_XerciseTests.framework in Frameworks */,
			);
			runOnlyForDeploymentPostprocessing = 0;
		};
		251F1C161BDFD1DC00B1F3B0 /* Frameworks */ = {
			isa = PBXFrameworksBuildPhase;
			buildActionMask = 2147483647;
			files = (
				25ACC24D1C4EAFCC001040E8 /* FBSDKCoreKit.framework in Frameworks */,
				25ACC23C1C4EAAF0001040E8 /* FBSDKLoginKit.framework in Frameworks */,
				25C2251F1BE47E7400CA75C9 /* Bolts.framework in Frameworks */,
				8DD515B14C2A4336F3AF016C /* Pods_XerciseUITests.framework in Frameworks */,
			);
			runOnlyForDeploymentPostprocessing = 0;
		};
/* End PBXFrameworksBuildPhase section */

/* Begin PBXGroup section */
		251F1BEE1BDFD1DC00B1F3B0 = {
			isa = PBXGroup;
			children = (
				251F1BF91BDFD1DC00B1F3B0 /* Xercise */,
				25C225171BE47DEF00CA75C9 /* Frameworks */,
				251F1C111BDFD1DC00B1F3B0 /* XerciseTests */,
				251F1C1C1BDFD1DC00B1F3B0 /* XerciseUITests */,
				251F1BF81BDFD1DC00B1F3B0 /* Products */,
				25C225401BE48E3F00CA75C9 /* iTunesArtwork.png */,
				C819F531C9CD5124AFBD4B70 /* Pods */,
			);
			sourceTree = "<group>";
		};
		251F1BF81BDFD1DC00B1F3B0 /* Products */ = {
			isa = PBXGroup;
			children = (
				251F1BF71BDFD1DC00B1F3B0 /* Xercise.app */,
				251F1C0E1BDFD1DC00B1F3B0 /* XerciseTests.xctest */,
				251F1C191BDFD1DC00B1F3B0 /* XerciseUITests.xctest */,
			);
			name = Products;
			sourceTree = "<group>";
		};
		251F1BF91BDFD1DC00B1F3B0 /* Xercise */ = {
			isa = PBXGroup;
			children = (
				251F1BFA1BDFD1DC00B1F3B0 /* AppDelegate.swift */,
				25C56BE71BEE777F008D7C6B /* Login/SignUp */,
				25C56BE81BEE77A0008D7C6B /* Home */,
				258BFDF21BF01C9000A6488A /* Display Workout */,
				258BFDF11BF01C8400A6488A /* Display Exercise */,
				25C56BE91BEE77E5008D7C6B /* My Xercises */,
				25C56BEB1BEE7886008D7C6B /* New Exercise */,
				25C56BEC1BEE7891008D7C6B /* New Workout */,
				25D63E951C7FD50400C457C7 /* Macros */,
				25C56BEA1BEE7803008D7C6B /* Resources */,
			);
			path = Xercise;
			sourceTree = "<group>";
		};
		251F1C111BDFD1DC00B1F3B0 /* XerciseTests */ = {
			isa = PBXGroup;
			children = (
				251F1C121BDFD1DC00B1F3B0 /* XerciseTests.swift */,
				251F1C141BDFD1DC00B1F3B0 /* Info.plist */,
			);
			path = XerciseTests;
			sourceTree = "<group>";
		};
		251F1C1C1BDFD1DC00B1F3B0 /* XerciseUITests */ = {
			isa = PBXGroup;
			children = (
				251F1C1D1BDFD1DC00B1F3B0 /* XerciseUITests.swift */,
				251F1C1F1BDFD1DC00B1F3B0 /* Info.plist */,
			);
			path = XerciseUITests;
			sourceTree = "<group>";
		};
		25300A781C9BB1280085F98E /* IGLDropDownMenu */ = {
			isa = PBXGroup;
			children = (
				25300A791C9BB1280085F98E /* IGLDropDownItem.h */,
				25300A7A1C9BB1280085F98E /* IGLDropDownItem.m */,
				25300A7B1C9BB1280085F98E /* IGLDropDownMenu.h */,
				25300A7C1C9BB1280085F98E /* IGLDropDownMenu.m */,
			);
			name = IGLDropDownMenu;
			path = Xercise/IGLDropDownMenu;
			sourceTree = "<group>";
		};
		257417611C8559CC002C8BD4 /* TableView Cells */ = {
			isa = PBXGroup;
			children = (
				25F9E1891E1580DF00777826 /* ExerciseDescriptionTableViewCell.swift */,
				25F9E18A1E1580DF00777826 /* ExerciseImageTableViewCell.swift */,
				25F9E18B1E1580DF00777826 /* ExerciseRepsTableViewCell.swift */,
				25F9E18C1E1580DF00777826 /* ExerciseSetsTableViewCell.swift */,
				25F9E18D1E1580DF00777826 /* ExerciseTitleTableViewCell.swift */,
			);
			name = "TableView Cells";
			sourceTree = "<group>";
		};
		258BFDF01BF01C6800A6488A /* TableViewCells */ = {
			isa = PBXGroup;
			children = (
				25F9E1751E1580A500777826 /* DisplayExerciseDescriptionTableViewCell.swift */,
				25F9E1761E1580A500777826 /* DisplayExerciseImageTableViewCell.swift */,
				25F9E1771E1580A500777826 /* DisplayExerciseShareTableViewCell.swift */,
			);
			name = TableViewCells;
			sourceTree = "<group>";
		};
		258BFDF11BF01C8400A6488A /* Display Exercise */ = {
			isa = PBXGroup;
			children = (
				25F9E1711E15809C00777826 /* DisplayExerciseTableViewController.swift */,
				258BFDF01BF01C6800A6488A /* TableViewCells */,
			);
			name = "Display Exercise";
			sourceTree = "<group>";
		};
		258BFDF21BF01C9000A6488A /* Display Workout */ = {
			isa = PBXGroup;
			children = (
				25F9E16D1E15808D00777826 /* DisplayWorkoutTableViewController.swift */,
			);
			name = "Display Workout";
			sourceTree = "<group>";
		};
		258BFDF31BF01C9700A6488A /* Info */ = {
			isa = PBXGroup;
			children = (
				25F9E1651E15807F00777826 /* ExpandedInfoViewController.swift */,
				25F9E1661E15807F00777826 /* InfoTableViewController.swift */,
			);
			name = Info;
			sourceTree = "<group>";
		};
		25C225171BE47DEF00CA75C9 /* Frameworks */ = {
			isa = PBXGroup;
			children = (
				25300A781C9BB1280085F98E /* IGLDropDownMenu */,
				25ACC24A1C4EAFCC001040E8 /* FBSDKCoreKit.framework */,
				25ACC2391C4EAAF0001040E8 /* FBSDKLoginKit.framework */,
				25C225321BE47EED00CA75C9 /* libsqlite3.tbd */,
				25C225301BE47EDD00CA75C9 /* libz.tbd */,
				25C2252E1BE47ED500CA75C9 /* SystemConfiguration.framework */,
				25C2252A1BE47EC800CA75C9 /* Security.framework */,
				25C225281BE47EC200CA75C9 /* QuartzCore.framework */,
				25C225261BE47EBA00CA75C9 /* CoreLocation.framework */,
				25C225241BE47EAC00CA75C9 /* CoreGraphics.framework */,
				25C225221BE47EA500CA75C9 /* CFNetwork.framework */,
				25C225201BE47EA000CA75C9 /* AudioToolbox.framework */,
				25C2251C1BE47E7400CA75C9 /* Bolts.framework */,
				602E956B0FA5D0453E2FB48A /* Pods_Xercise.framework */,
				E3730988F14965417E0F832C /* Pods_XerciseTests.framework */,
				47B59F9F62A52296AC8F535B /* Pods_XerciseUITests.framework */,
			);
			name = Frameworks;
			sourceTree = "<group>";
		};
		25C56BE71BEE777F008D7C6B /* Login/SignUp */ = {
			isa = PBXGroup;
			children = (
				25F9E1551E15804400777826 /* CustomLoginViewController.swift */,
				25F9E1561E15804400777826 /* CustomSignUpViewController.swift */,
				25F9E1571E15804400777826 /* InitialViewController.swift */,
			);
			name = Login/SignUp;
			sourceTree = "<group>";
		};
		25C56BE81BEE77A0008D7C6B /* Home */ = {
			isa = PBXGroup;
			children = (
				25F9E1611E15806100777826 /* NewXerciseViewController.swift */,
				258BFDF31BF01C9700A6488A /* Info */,
			);
			name = Home;
			sourceTree = "<group>";
		};
		25C56BE91BEE77E5008D7C6B /* My Xercises */ = {
			isa = PBXGroup;
			children = (
				25F9E1811E1580BC00777826 /* MyXercisesTableViewController.swift */,
			);
			name = "My Xercises";
			sourceTree = "<group>";
		};
		25C56BEA1BEE7803008D7C6B /* Resources */ = {
			isa = PBXGroup;
			children = (
				25F9E1C91E15817100777826 /* DataManager.swift */,
				25F9E1E51E1581D500777826 /* XerciseConstants.swift */,
				25F9E1B91E15812F00777826 /* Models */,
				25F9E1BA1E15816000777826 /* Assets.xcassets */,
				25F9E1BB1E15816000777826 /* Base.lproj */,
				25F9E1ED1E1581FA00777826 /* Xercise.xcdatamodeld */,
				25F9E1F21E15821700777826 /* GoogleService-Info.plist */,
				25F9E1F31E15821700777826 /* Info.plist */,
				25F9E1FA1E15823700777826 /* Xercise-Bridging-Header.h */,
				25F9E1FF1E15825B00777826 /* UITextField+Shake.h */,
				25F9E1FB1E15824F00777826 /* UITextField+Shake.m */,
			);
			name = Resources;
			sourceTree = "<group>";
		};
		25C56BEB1BEE7886008D7C6B /* New Exercise */ = {
			isa = PBXGroup;
			children = (
				25F9E1851E1580D200777826 /* CreateNewExerciseTableViewController.swift */,
				257417611C8559CC002C8BD4 /* TableView Cells */,
			);
			name = "New Exercise";
			sourceTree = "<group>";
		};
		25C56BEC1BEE7891008D7C6B /* New Workout */ = {
			isa = PBXGroup;
			children = (
				25F9E19D1E1580EC00777826 /* AddExerciseFromSavedTableViewController.swift */,
				25F9E19E1E1580EC00777826 /* CreateNewWorkoutTableViewController.swift */,
			);
			name = "New Workout";
			sourceTree = "<group>";
		};
		25D63E951C7FD50400C457C7 /* Macros */ = {
			isa = PBXGroup;
			children = (
				25F9E1B11E15810B00777826 /* AddMacroPopupView.xib */,
				25F9E1A51E15810200777826 /* MacroHeader.xib */,
				25F9E1B51E15812200777826 /* UIViewMacro.swift */,
				25F9E1A61E15810200777826 /* MacrosTableViewCell.swift */,
				25F9E1A71E15810200777826 /* MacrosTableViewController.swift */,
			);
			name = Macros;
			sourceTree = "<group>";
		};
		25F9E1B91E15812F00777826 /* Models */ = {
			isa = PBXGroup;
			children = (
				25F9E1E91E1581EC00777826 /* ExercisesByMuscleGroup.swift */,
				25F9E1DD1E1581C100777826 /* Macro.swift */,
				25F9E1DE1E1581C100777826 /* MacroGoal.swift */,
				25F9E1D91E15818600777826 /* Workout.swift */,
				25F9E1D51E15817F00777826 /* MuscleGroup.swift */,
				25F9E1CD1E15817700777826 /* Entry.swift */,
				25F9E1CE1E15817700777826 /* Exercise.swift */,
			);
			name = Models;
			sourceTree = "<group>";
		};
		25F9E1BB1E15816000777826 /* Base.lproj */ = {
			isa = PBXGroup;
			children = (
				25F9E1BC1E15816000777826 /* LaunchScreen.storyboard */,
				25F9E1BE1E15816000777826 /* Main.storyboard */,
			);
			name = Base.lproj;
			path = Resources/Base.lproj;
			sourceTree = "<group>";
		};
		C819F531C9CD5124AFBD4B70 /* Pods */ = {
			isa = PBXGroup;
			children = (
				5E8D4AE415572171B6AF3EB9 /* Pods-Xercise.debug.xcconfig */,
				4FC901D8CE0B1C1A7A647927 /* Pods-Xercise.release.xcconfig */,
				3BFBD89AC0AA1A2D726BEF2F /* Pods-XerciseTests.debug.xcconfig */,
				7216799C79EA730E836B6ED4 /* Pods-XerciseTests.release.xcconfig */,
				87850179EFBE1D6E5BDCDCD2 /* Pods-XerciseUITests.debug.xcconfig */,
				4A5BFAC665D62C2C7378121D /* Pods-XerciseUITests.release.xcconfig */,
			);
			name = Pods;
			sourceTree = "<group>";
		};
/* End PBXGroup section */

/* Begin PBXNativeTarget section */
		251F1BF61BDFD1DC00B1F3B0 /* Xercise */ = {
			isa = PBXNativeTarget;
			buildConfigurationList = 251F1C221BDFD1DC00B1F3B0 /* Build configuration list for PBXNativeTarget "Xercise" */;
			buildPhases = (
				DA4663E7AEF6414D6AAF67FE /* [CP] Check Pods Manifest.lock */,
				251F1BF31BDFD1DC00B1F3B0 /* Sources */,
				251F1BF41BDFD1DC00B1F3B0 /* Frameworks */,
				251F1BF51BDFD1DC00B1F3B0 /* Resources */,
				51736CBC5FD5B396338BA2F3 /* [CP] Embed Pods Frameworks */,
				200FE710DD4EB853CD4844F8 /* [CP] Copy Pods Resources */,
			);
			buildRules = (
			);
			dependencies = (
			);
			name = Xercise;
			productName = Xercise;
			productReference = 251F1BF71BDFD1DC00B1F3B0 /* Xercise.app */;
			productType = "com.apple.product-type.application";
		};
		251F1C0D1BDFD1DC00B1F3B0 /* XerciseTests */ = {
			isa = PBXNativeTarget;
			buildConfigurationList = 251F1C251BDFD1DC00B1F3B0 /* Build configuration list for PBXNativeTarget "XerciseTests" */;
			buildPhases = (
				27DE2917F616C4F8BB38F127 /* [CP] Check Pods Manifest.lock */,
				251F1C0A1BDFD1DC00B1F3B0 /* Sources */,
				251F1C0B1BDFD1DC00B1F3B0 /* Frameworks */,
				251F1C0C1BDFD1DC00B1F3B0 /* Resources */,
				657705A96F21A893D1A946A7 /* [CP] Embed Pods Frameworks */,
				6876B7BE403CF0493BEFF44D /* [CP] Copy Pods Resources */,
			);
			buildRules = (
			);
			dependencies = (
				251F1C101BDFD1DC00B1F3B0 /* PBXTargetDependency */,
			);
			name = XerciseTests;
			productName = XerciseTests;
			productReference = 251F1C0E1BDFD1DC00B1F3B0 /* XerciseTests.xctest */;
			productType = "com.apple.product-type.bundle.unit-test";
		};
		251F1C181BDFD1DC00B1F3B0 /* XerciseUITests */ = {
			isa = PBXNativeTarget;
			buildConfigurationList = 251F1C281BDFD1DC00B1F3B0 /* Build configuration list for PBXNativeTarget "XerciseUITests" */;
			buildPhases = (
				7944BBF37AF2A90F4BAD3F52 /* [CP] Check Pods Manifest.lock */,
				251F1C151BDFD1DC00B1F3B0 /* Sources */,
				251F1C161BDFD1DC00B1F3B0 /* Frameworks */,
				251F1C171BDFD1DC00B1F3B0 /* Resources */,
				B72AB22EEB9AA45CB46366C0 /* [CP] Embed Pods Frameworks */,
				AF7AB639389BBAE3A3C1C51C /* [CP] Copy Pods Resources */,
			);
			buildRules = (
			);
			dependencies = (
				251F1C1B1BDFD1DC00B1F3B0 /* PBXTargetDependency */,
			);
			name = XerciseUITests;
			productName = XerciseUITests;
			productReference = 251F1C191BDFD1DC00B1F3B0 /* XerciseUITests.xctest */;
			productType = "com.apple.product-type.bundle.ui-testing";
		};
/* End PBXNativeTarget section */

/* Begin PBXProject section */
		251F1BEF1BDFD1DC00B1F3B0 /* Project object */ = {
			isa = PBXProject;
			attributes = {
				LastSwiftUpdateCheck = 0720;
				LastUpgradeCheck = 0800;
				ORGANIZATIONNAME = "Kyle Blazier";
				TargetAttributes = {
					251F1BF61BDFD1DC00B1F3B0 = {
						CreatedOnToolsVersion = 7.1;
						DevelopmentTeam = 63W44T26LS;
						LastSwiftMigration = 0800;
						SystemCapabilities = {
							com.apple.InAppPurchase = {
								enabled = 0;
							};
						};
					};
					251F1C0D1BDFD1DC00B1F3B0 = {
						CreatedOnToolsVersion = 7.1;
						LastSwiftMigration = 0800;
						TestTargetID = 251F1BF61BDFD1DC00B1F3B0;
					};
					251F1C181BDFD1DC00B1F3B0 = {
						CreatedOnToolsVersion = 7.1;
						LastSwiftMigration = 0800;
						TestTargetID = 251F1BF61BDFD1DC00B1F3B0;
					};
				};
			};
			buildConfigurationList = 251F1BF21BDFD1DC00B1F3B0 /* Build configuration list for PBXProject "Xercise" */;
			compatibilityVersion = "Xcode 3.2";
			developmentRegion = English;
			hasScannedForEncodings = 0;
			knownRegions = (
				en,
				Base,
			);
			mainGroup = 251F1BEE1BDFD1DC00B1F3B0;
			productRefGroup = 251F1BF81BDFD1DC00B1F3B0 /* Products */;
			projectDirPath = "";
			projectRoot = "";
			targets = (
				251F1BF61BDFD1DC00B1F3B0 /* Xercise */,
				251F1C0D1BDFD1DC00B1F3B0 /* XerciseTests */,
				251F1C181BDFD1DC00B1F3B0 /* XerciseUITests */,
			);
		};
/* End PBXProject section */

/* Begin PBXResourcesBuildPhase section */
		251F1BF51BDFD1DC00B1F3B0 /* Resources */ = {
			isa = PBXResourcesBuildPhase;
			buildActionMask = 2147483647;
			files = (
				25F9E1C31E15816000777826 /* LaunchScreen.storyboard in Resources */,
				25F9E1F41E15821700777826 /* GoogleService-Info.plist in Resources */,
				25F9E1F71E15821700777826 /* Info.plist in Resources */,
				25F9E1C61E15816000777826 /* Main.storyboard in Resources */,
				25F9E1A81E15810200777826 /* MacroHeader.xib in Resources */,
				25C225411BE48E3F00CA75C9 /* iTunesArtwork.png in Resources */,
				25F9E1C01E15816000777826 /* Assets.xcassets in Resources */,
				25F9E1B21E15810B00777826 /* AddMacroPopupView.xib in Resources */,
			);
			runOnlyForDeploymentPostprocessing = 0;
		};
		251F1C0C1BDFD1DC00B1F3B0 /* Resources */ = {
			isa = PBXResourcesBuildPhase;
			buildActionMask = 2147483647;
			files = (
				25F9E1F81E15821700777826 /* Info.plist in Resources */,
				25F9E1B31E15810B00777826 /* AddMacroPopupView.xib in Resources */,
				25F9E1C11E15816000777826 /* Assets.xcassets in Resources */,
				25F9E1C71E15816000777826 /* Main.storyboard in Resources */,
				25F9E1C41E15816000777826 /* LaunchScreen.storyboard in Resources */,
				25F9E1A91E15810200777826 /* MacroHeader.xib in Resources */,
				25F9E1F51E15821700777826 /* GoogleService-Info.plist in Resources */,
			);
			runOnlyForDeploymentPostprocessing = 0;
		};
		251F1C171BDFD1DC00B1F3B0 /* Resources */ = {
			isa = PBXResourcesBuildPhase;
			buildActionMask = 2147483647;
			files = (
				25F9E1F91E15821700777826 /* Info.plist in Resources */,
				25F9E1B41E15810B00777826 /* AddMacroPopupView.xib in Resources */,
				25F9E1C21E15816000777826 /* Assets.xcassets in Resources */,
				25F9E1C81E15816000777826 /* Main.storyboard in Resources */,
				25F9E1C51E15816000777826 /* LaunchScreen.storyboard in Resources */,
				25F9E1AA1E15810200777826 /* MacroHeader.xib in Resources */,
				25F9E1F61E15821700777826 /* GoogleService-Info.plist in Resources */,
			);
			runOnlyForDeploymentPostprocessing = 0;
		};
/* End PBXResourcesBuildPhase section */

/* Begin PBXShellScriptBuildPhase section */
		200FE710DD4EB853CD4844F8 /* [CP] Copy Pods Resources */ = {
			isa = PBXShellScriptBuildPhase;
			buildActionMask = 2147483647;
			files = (
			);
			inputPaths = (
			);
			name = "[CP] Copy Pods Resources";
			outputPaths = (
			);
			runOnlyForDeploymentPostprocessing = 0;
			shellPath = /bin/sh;
			shellScript = "\"${SRCROOT}/Pods/Target Support Files/Pods-Xercise/Pods-Xercise-resources.sh\"\n";
			showEnvVarsInLog = 0;
		};
		27DE2917F616C4F8BB38F127 /* [CP] Check Pods Manifest.lock */ = {
			isa = PBXShellScriptBuildPhase;
			buildActionMask = 2147483647;
			files = (
			);
			inputPaths = (
			);
			name = "[CP] Check Pods Manifest.lock";
			outputPaths = (
			);
			runOnlyForDeploymentPostprocessing = 0;
			shellPath = /bin/sh;
			shellScript = "diff \"${PODS_ROOT}/../Podfile.lock\" \"${PODS_ROOT}/Manifest.lock\" > /dev/null\nif [ $? != 0 ] ; then\n    # print error to STDERR\n    echo \"error: The sandbox is not in sync with the Podfile.lock. Run 'pod install' or update your CocoaPods installation.\" >&2\n    exit 1\nfi\n";
			showEnvVarsInLog = 0;
		};
		51736CBC5FD5B396338BA2F3 /* [CP] Embed Pods Frameworks */ = {
			isa = PBXShellScriptBuildPhase;
			buildActionMask = 2147483647;
			files = (
			);
			inputPaths = (
			);
			name = "[CP] Embed Pods Frameworks";
			outputPaths = (
			);
			runOnlyForDeploymentPostprocessing = 0;
			shellPath = /bin/sh;
			shellScript = "\"${SRCROOT}/Pods/Target Support Files/Pods-Xercise/Pods-Xercise-frameworks.sh\"\n";
			showEnvVarsInLog = 0;
		};
		657705A96F21A893D1A946A7 /* [CP] Embed Pods Frameworks */ = {
			isa = PBXShellScriptBuildPhase;
			buildActionMask = 2147483647;
			files = (
			);
			inputPaths = (
			);
			name = "[CP] Embed Pods Frameworks";
			outputPaths = (
			);
			runOnlyForDeploymentPostprocessing = 0;
			shellPath = /bin/sh;
			shellScript = "\"${SRCROOT}/Pods/Target Support Files/Pods-XerciseTests/Pods-XerciseTests-frameworks.sh\"\n";
			showEnvVarsInLog = 0;
		};
		6876B7BE403CF0493BEFF44D /* [CP] Copy Pods Resources */ = {
			isa = PBXShellScriptBuildPhase;
			buildActionMask = 2147483647;
			files = (
			);
			inputPaths = (
			);
			name = "[CP] Copy Pods Resources";
			outputPaths = (
			);
			runOnlyForDeploymentPostprocessing = 0;
			shellPath = /bin/sh;
			shellScript = "\"${SRCROOT}/Pods/Target Support Files/Pods-XerciseTests/Pods-XerciseTests-resources.sh\"\n";
			showEnvVarsInLog = 0;
		};
		7944BBF37AF2A90F4BAD3F52 /* [CP] Check Pods Manifest.lock */ = {
			isa = PBXShellScriptBuildPhase;
			buildActionMask = 2147483647;
			files = (
			);
			inputPaths = (
			);
			name = "[CP] Check Pods Manifest.lock";
			outputPaths = (
			);
			runOnlyForDeploymentPostprocessing = 0;
			shellPath = /bin/sh;
			shellScript = "diff \"${PODS_ROOT}/../Podfile.lock\" \"${PODS_ROOT}/Manifest.lock\" > /dev/null\nif [ $? != 0 ] ; then\n    # print error to STDERR\n    echo \"error: The sandbox is not in sync with the Podfile.lock. Run 'pod install' or update your CocoaPods installation.\" >&2\n    exit 1\nfi\n";
			showEnvVarsInLog = 0;
		};
		AF7AB639389BBAE3A3C1C51C /* [CP] Copy Pods Resources */ = {
			isa = PBXShellScriptBuildPhase;
			buildActionMask = 2147483647;
			files = (
			);
			inputPaths = (
			);
			name = "[CP] Copy Pods Resources";
			outputPaths = (
			);
			runOnlyForDeploymentPostprocessing = 0;
			shellPath = /bin/sh;
			shellScript = "\"${SRCROOT}/Pods/Target Support Files/Pods-XerciseUITests/Pods-XerciseUITests-resources.sh\"\n";
			showEnvVarsInLog = 0;
		};
		B72AB22EEB9AA45CB46366C0 /* [CP] Embed Pods Frameworks */ = {
			isa = PBXShellScriptBuildPhase;
			buildActionMask = 2147483647;
			files = (
			);
			inputPaths = (
			);
			name = "[CP] Embed Pods Frameworks";
			outputPaths = (
			);
			runOnlyForDeploymentPostprocessing = 0;
			shellPath = /bin/sh;
			shellScript = "\"${SRCROOT}/Pods/Target Support Files/Pods-XerciseUITests/Pods-XerciseUITests-frameworks.sh\"\n";
			showEnvVarsInLog = 0;
		};
		DA4663E7AEF6414D6AAF67FE /* [CP] Check Pods Manifest.lock */ = {
			isa = PBXShellScriptBuildPhase;
			buildActionMask = 2147483647;
			files = (
			);
			inputPaths = (
			);
			name = "[CP] Check Pods Manifest.lock";
			outputPaths = (
			);
			runOnlyForDeploymentPostprocessing = 0;
			shellPath = /bin/sh;
			shellScript = "diff \"${PODS_ROOT}/../Podfile.lock\" \"${PODS_ROOT}/Manifest.lock\" > /dev/null\nif [ $? != 0 ] ; then\n    # print error to STDERR\n    echo \"error: The sandbox is not in sync with the Podfile.lock. Run 'pod install' or update your CocoaPods installation.\" >&2\n    exit 1\nfi\n";
			showEnvVarsInLog = 0;
		};
/* End PBXShellScriptBuildPhase section */

/* Begin PBXSourcesBuildPhase section */
		251F1BF31BDFD1DC00B1F3B0 /* Sources */ = {
			isa = PBXSourcesBuildPhase;
			buildActionMask = 2147483647;
			files = (
				25F9E1671E15807F00777826 /* ExpandedInfoViewController.swift in Sources */,
				25F9E19F1E1580EC00777826 /* AddExerciseFromSavedTableViewController.swift in Sources */,
				25F9E16E1E15808D00777826 /* DisplayWorkoutTableViewController.swift in Sources */,
				25F9E17B1E1580A500777826 /* DisplayExerciseImageTableViewCell.swift in Sources */,
				25F9E1FC1E15824F00777826 /* UITextField+Shake.m in Sources */,
				25F9E1821E1580BC00777826 /* MyXercisesTableViewController.swift in Sources */,
				25300A7D1C9BB1280085F98E /* IGLDropDownItem.m in Sources */,
				25F9E1581E15804400777826 /* CustomLoginViewController.swift in Sources */,
				25F9E1E21E1581C100777826 /* MacroGoal.swift in Sources */,
				25F9E15E1E15804400777826 /* InitialViewController.swift in Sources */,
				25F9E1AE1E15810200777826 /* MacrosTableViewController.swift in Sources */,
				25F9E1B61E15812200777826 /* UIViewMacro.swift in Sources */,
				25F9E1CF1E15817700777826 /* Entry.swift in Sources */,
				25F9E19A1E1580DF00777826 /* ExerciseTitleTableViewCell.swift in Sources */,
				25F9E18E1E1580DF00777826 /* ExerciseDescriptionTableViewCell.swift in Sources */,
				25300A801C9BB1280085F98E /* IGLDropDownMenu.m in Sources */,
				25F9E1DF1E1581C100777826 /* Macro.swift in Sources */,
				25F9E17E1E1580A500777826 /* DisplayExerciseShareTableViewCell.swift in Sources */,
				25F9E1EF1E1581FA00777826 /* Xercise.xcdatamodeld in Sources */,
				25F9E15B1E15804400777826 /* CustomSignUpViewController.swift in Sources */,
				25F9E1DA1E15818600777826 /* Workout.swift in Sources */,
				25F9E1621E15806100777826 /* NewXerciseViewController.swift in Sources */,
				25F9E1D21E15817700777826 /* Exercise.swift in Sources */,
				25F9E1AB1E15810200777826 /* MacrosTableViewCell.swift in Sources */,
				25F9E1911E1580DF00777826 /* ExerciseImageTableViewCell.swift in Sources */,
				251F1BFB1BDFD1DC00B1F3B0 /* AppDelegate.swift in Sources */,
				25F9E1EA1E1581EC00777826 /* ExercisesByMuscleGroup.swift in Sources */,
				25F9E1941E1580DF00777826 /* ExerciseRepsTableViewCell.swift in Sources */,
				25F9E1E61E1581D500777826 /* XerciseConstants.swift in Sources */,
				25F9E1861E1580D200777826 /* CreateNewExerciseTableViewController.swift in Sources */,
				25F9E1781E1580A500777826 /* DisplayExerciseDescriptionTableViewCell.swift in Sources */,
				25F9E1CA1E15817100777826 /* DataManager.swift in Sources */,
				25F9E1A21E1580EC00777826 /* CreateNewWorkoutTableViewController.swift in Sources */,
				25F9E16A1E15807F00777826 /* InfoTableViewController.swift in Sources */,
				25F9E1D61E15817F00777826 /* MuscleGroup.swift in Sources */,
				25F9E1721E15809C00777826 /* DisplayExerciseTableViewController.swift in Sources */,
				25F9E1971E1580DF00777826 /* ExerciseSetsTableViewCell.swift in Sources */,
			);
			runOnlyForDeploymentPostprocessing = 0;
		};
		251F1C0A1BDFD1DC00B1F3B0 /* Sources */ = {
			isa = PBXSourcesBuildPhase;
			buildActionMask = 2147483647;
			files = (
				25F9E1DB1E15818600777826 /* Workout.swift in Sources */,
				25F9E1D01E15817700777826 /* Entry.swift in Sources */,
				25F9E1AC1E15810200777826 /* MacrosTableViewCell.swift in Sources */,
				25F9E1F01E1581FA00777826 /* Xercise.xcdatamodeld in Sources */,
				25F9E1921E1580DF00777826 /* ExerciseImageTableViewCell.swift in Sources */,
				25F9E1A01E1580EC00777826 /* AddExerciseFromSavedTableViewController.swift in Sources */,
				25F9E17F1E1580A500777826 /* DisplayExerciseShareTableViewCell.swift in Sources */,
				25F9E1871E1580D200777826 /* CreateNewExerciseTableViewController.swift in Sources */,
				25F9E1E71E1581D500777826 /* XerciseConstants.swift in Sources */,
				25F9E18F1E1580DF00777826 /* ExerciseDescriptionTableViewCell.swift in Sources */,
				25F9E1FD1E15824F00777826 /* UITextField+Shake.m in Sources */,
				25D62CFB1BE82C2700B8F276 /* AppDelegate.swift in Sources */,
				25F9E16B1E15807F00777826 /* InfoTableViewController.swift in Sources */,
				25300A7E1C9BB1280085F98E /* IGLDropDownItem.m in Sources */,
				25F9E1591E15804400777826 /* CustomLoginViewController.swift in Sources */,
				25F9E1B71E15812200777826 /* UIViewMacro.swift in Sources */,
				25F9E1981E1580DF00777826 /* ExerciseSetsTableViewCell.swift in Sources */,
				25F9E15F1E15804400777826 /* InitialViewController.swift in Sources */,
				25F9E1791E1580A500777826 /* DisplayExerciseDescriptionTableViewCell.swift in Sources */,
				25F9E1A31E1580EC00777826 /* CreateNewWorkoutTableViewController.swift in Sources */,
				25F9E1E31E1581C100777826 /* MacroGoal.swift in Sources */,
				25F9E19B1E1580DF00777826 /* ExerciseTitleTableViewCell.swift in Sources */,
				25300A811C9BB1280085F98E /* IGLDropDownMenu.m in Sources */,
				25F9E17C1E1580A500777826 /* DisplayExerciseImageTableViewCell.swift in Sources */,
				25F9E1831E1580BC00777826 /* MyXercisesTableViewController.swift in Sources */,
				25F9E1D31E15817700777826 /* Exercise.swift in Sources */,
				25F9E1AF1E15810200777826 /* MacrosTableViewController.swift in Sources */,
				25F9E15C1E15804400777826 /* CustomSignUpViewController.swift in Sources */,
				25F9E16F1E15808D00777826 /* DisplayWorkoutTableViewController.swift in Sources */,
				25F9E1631E15806100777826 /* NewXerciseViewController.swift in Sources */,
				25F9E1EB1E1581EC00777826 /* ExercisesByMuscleGroup.swift in Sources */,
				25F9E1E01E1581C100777826 /* Macro.swift in Sources */,
				25F9E1731E15809C00777826 /* DisplayExerciseTableViewController.swift in Sources */,
				25F9E1681E15807F00777826 /* ExpandedInfoViewController.swift in Sources */,
				25F9E1951E1580DF00777826 /* ExerciseRepsTableViewCell.swift in Sources */,
				25F9E1D71E15817F00777826 /* MuscleGroup.swift in Sources */,
				25F9E1CB1E15817100777826 /* DataManager.swift in Sources */,
				251F1C131BDFD1DC00B1F3B0 /* XerciseTests.swift in Sources */,
			);
			runOnlyForDeploymentPostprocessing = 0;
		};
		251F1C151BDFD1DC00B1F3B0 /* Sources */ = {
			isa = PBXSourcesBuildPhase;
			buildActionMask = 2147483647;
			files = (
				25F9E1DC1E15818600777826 /* Workout.swift in Sources */,
				25F9E1D11E15817700777826 /* Entry.swift in Sources */,
				25F9E1AD1E15810200777826 /* MacrosTableViewCell.swift in Sources */,
				25F9E1F11E1581FA00777826 /* Xercise.xcdatamodeld in Sources */,
				25F9E1931E1580DF00777826 /* ExerciseImageTableViewCell.swift in Sources */,
				25F9E1A11E1580EC00777826 /* AddExerciseFromSavedTableViewController.swift in Sources */,
				25F9E1801E1580A500777826 /* DisplayExerciseShareTableViewCell.swift in Sources */,
				25F9E1881E1580D200777826 /* CreateNewExerciseTableViewController.swift in Sources */,
				25F9E1E81E1581D500777826 /* XerciseConstants.swift in Sources */,
				25F9E1901E1580DF00777826 /* ExerciseDescriptionTableViewCell.swift in Sources */,
				25F9E1FE1E15824F00777826 /* UITextField+Shake.m in Sources */,
				25F9E16C1E15807F00777826 /* InfoTableViewController.swift in Sources */,
				25300A7F1C9BB1280085F98E /* IGLDropDownItem.m in Sources */,
				25F9E15A1E15804400777826 /* CustomLoginViewController.swift in Sources */,
				25D62CFC1BE82C2800B8F276 /* AppDelegate.swift in Sources */,
				25F9E1B81E15812200777826 /* UIViewMacro.swift in Sources */,
				25F9E1991E1580DF00777826 /* ExerciseSetsTableViewCell.swift in Sources */,
				25F9E1601E15804400777826 /* InitialViewController.swift in Sources */,
				25F9E17A1E1580A500777826 /* DisplayExerciseDescriptionTableViewCell.swift in Sources */,
				25F9E1A41E1580EC00777826 /* CreateNewWorkoutTableViewController.swift in Sources */,
				25F9E1E41E1581C100777826 /* MacroGoal.swift in Sources */,
				25F9E19C1E1580DF00777826 /* ExerciseTitleTableViewCell.swift in Sources */,
				25300A821C9BB1280085F98E /* IGLDropDownMenu.m in Sources */,
				25F9E17D1E1580A500777826 /* DisplayExerciseImageTableViewCell.swift in Sources */,
				25F9E1841E1580BC00777826 /* MyXercisesTableViewController.swift in Sources */,
				25F9E1D41E15817700777826 /* Exercise.swift in Sources */,
				25F9E1B01E15810200777826 /* MacrosTableViewController.swift in Sources */,
				25F9E15D1E15804400777826 /* CustomSignUpViewController.swift in Sources */,
				25F9E1701E15808D00777826 /* DisplayWorkoutTableViewController.swift in Sources */,
				25F9E1641E15806100777826 /* NewXerciseViewController.swift in Sources */,
				25F9E1EC1E1581EC00777826 /* ExercisesByMuscleGroup.swift in Sources */,
				25F9E1E11E1581C100777826 /* Macro.swift in Sources */,
				25F9E1741E15809C00777826 /* DisplayExerciseTableViewController.swift in Sources */,
				25F9E1691E15807F00777826 /* ExpandedInfoViewController.swift in Sources */,
				25F9E1961E1580DF00777826 /* ExerciseRepsTableViewCell.swift in Sources */,
				25F9E1D81E15817F00777826 /* MuscleGroup.swift in Sources */,
				25F9E1CC1E15817100777826 /* DataManager.swift in Sources */,
				251F1C1E1BDFD1DC00B1F3B0 /* XerciseUITests.swift in Sources */,
			);
			runOnlyForDeploymentPostprocessing = 0;
		};
/* End PBXSourcesBuildPhase section */

/* Begin PBXTargetDependency section */
		251F1C101BDFD1DC00B1F3B0 /* PBXTargetDependency */ = {
			isa = PBXTargetDependency;
			target = 251F1BF61BDFD1DC00B1F3B0 /* Xercise */;
			targetProxy = 251F1C0F1BDFD1DC00B1F3B0 /* PBXContainerItemProxy */;
		};
		251F1C1B1BDFD1DC00B1F3B0 /* PBXTargetDependency */ = {
			isa = PBXTargetDependency;
			target = 251F1BF61BDFD1DC00B1F3B0 /* Xercise */;
			targetProxy = 251F1C1A1BDFD1DC00B1F3B0 /* PBXContainerItemProxy */;
		};
/* End PBXTargetDependency section */

/* Begin PBXVariantGroup section */
		25F9E1BC1E15816000777826 /* LaunchScreen.storyboard */ = {
			isa = PBXVariantGroup;
			children = (
				25F9E1BD1E15816000777826 /* Base */,
			);
			name = LaunchScreen.storyboard;
			sourceTree = "<group>";
		};
		25F9E1BE1E15816000777826 /* Main.storyboard */ = {
			isa = PBXVariantGroup;
			children = (
				25F9E1BF1E15816000777826 /* Base */,
			);
			name = Main.storyboard;
			sourceTree = "<group>";
		};
/* End PBXVariantGroup section */

/* Begin XCBuildConfiguration section */
		251F1C201BDFD1DC00B1F3B0 /* Debug */ = {
			isa = XCBuildConfiguration;
			buildSettings = {
				ALWAYS_SEARCH_USER_PATHS = NO;
				CLANG_CXX_LANGUAGE_STANDARD = "gnu++0x";
				CLANG_CXX_LIBRARY = "libc++";
				CLANG_ENABLE_MODULES = YES;
				CLANG_ENABLE_OBJC_ARC = YES;
				CLANG_WARN_BOOL_CONVERSION = YES;
				CLANG_WARN_CONSTANT_CONVERSION = YES;
				CLANG_WARN_DIRECT_OBJC_ISA_USAGE = YES_ERROR;
				CLANG_WARN_EMPTY_BODY = YES;
				CLANG_WARN_ENUM_CONVERSION = YES;
				CLANG_WARN_INFINITE_RECURSION = YES;
				CLANG_WARN_INT_CONVERSION = YES;
				CLANG_WARN_OBJC_ROOT_CLASS = YES_ERROR;
				CLANG_WARN_SUSPICIOUS_MOVE = YES;
				CLANG_WARN_UNREACHABLE_CODE = YES;
				CLANG_WARN__DUPLICATE_METHOD_MATCH = YES;
				"CODE_SIGN_IDENTITY[sdk=iphoneos*]" = "iPhone Developer";
				COPY_PHASE_STRIP = NO;
				DEBUG_INFORMATION_FORMAT = dwarf;
				ENABLE_STRICT_OBJC_MSGSEND = YES;
				ENABLE_TESTABILITY = YES;
				GCC_C_LANGUAGE_STANDARD = gnu99;
				GCC_DYNAMIC_NO_PIC = NO;
				GCC_NO_COMMON_BLOCKS = YES;
				GCC_OPTIMIZATION_LEVEL = 0;
				GCC_PREPROCESSOR_DEFINITIONS = (
					"DEBUG=1",
					"$(inherited)",
				);
				GCC_WARN_64_TO_32_BIT_CONVERSION = YES;
				GCC_WARN_ABOUT_RETURN_TYPE = YES_ERROR;
				GCC_WARN_UNDECLARED_SELECTOR = YES;
				GCC_WARN_UNINITIALIZED_AUTOS = YES_AGGRESSIVE;
				GCC_WARN_UNUSED_FUNCTION = YES;
				GCC_WARN_UNUSED_VARIABLE = YES;
				IPHONEOS_DEPLOYMENT_TARGET = 9.1;
				MTL_ENABLE_DEBUG_INFO = YES;
				ONLY_ACTIVE_ARCH = YES;
				SDKROOT = iphoneos;
				SWIFT_OPTIMIZATION_LEVEL = "-Onone";
			};
			name = Debug;
		};
		251F1C211BDFD1DC00B1F3B0 /* Release */ = {
			isa = XCBuildConfiguration;
			buildSettings = {
				ALWAYS_SEARCH_USER_PATHS = NO;
				CLANG_CXX_LANGUAGE_STANDARD = "gnu++0x";
				CLANG_CXX_LIBRARY = "libc++";
				CLANG_ENABLE_MODULES = YES;
				CLANG_ENABLE_OBJC_ARC = YES;
				CLANG_WARN_BOOL_CONVERSION = YES;
				CLANG_WARN_CONSTANT_CONVERSION = YES;
				CLANG_WARN_DIRECT_OBJC_ISA_USAGE = YES_ERROR;
				CLANG_WARN_EMPTY_BODY = YES;
				CLANG_WARN_ENUM_CONVERSION = YES;
				CLANG_WARN_INFINITE_RECURSION = YES;
				CLANG_WARN_INT_CONVERSION = YES;
				CLANG_WARN_OBJC_ROOT_CLASS = YES_ERROR;
				CLANG_WARN_SUSPICIOUS_MOVE = YES;
				CLANG_WARN_UNREACHABLE_CODE = YES;
				CLANG_WARN__DUPLICATE_METHOD_MATCH = YES;
				"CODE_SIGN_IDENTITY[sdk=iphoneos*]" = "iPhone Developer";
				COPY_PHASE_STRIP = NO;
				DEBUG_INFORMATION_FORMAT = "dwarf-with-dsym";
				ENABLE_NS_ASSERTIONS = NO;
				ENABLE_STRICT_OBJC_MSGSEND = YES;
				GCC_C_LANGUAGE_STANDARD = gnu99;
				GCC_NO_COMMON_BLOCKS = YES;
				GCC_WARN_64_TO_32_BIT_CONVERSION = YES;
				GCC_WARN_ABOUT_RETURN_TYPE = YES_ERROR;
				GCC_WARN_UNDECLARED_SELECTOR = YES;
				GCC_WARN_UNINITIALIZED_AUTOS = YES_AGGRESSIVE;
				GCC_WARN_UNUSED_FUNCTION = YES;
				GCC_WARN_UNUSED_VARIABLE = YES;
				IPHONEOS_DEPLOYMENT_TARGET = 9.1;
				MTL_ENABLE_DEBUG_INFO = NO;
				SDKROOT = iphoneos;
				SWIFT_OPTIMIZATION_LEVEL = "-Owholemodule";
				VALIDATE_PRODUCT = YES;
			};
			name = Release;
		};
		251F1C231BDFD1DC00B1F3B0 /* Debug */ = {
			isa = XCBuildConfiguration;
			baseConfigurationReference = 5E8D4AE415572171B6AF3EB9 /* Pods-Xercise.debug.xcconfig */;
			buildSettings = {
				ASSETCATALOG_COMPILER_APPICON_NAME = AppIcon;
				CLANG_ENABLE_MODULES = YES;
				CODE_SIGN_IDENTITY = "iPhone Developer";
				"CODE_SIGN_IDENTITY[sdk=iphoneos*]" = "iPhone Developer";
				FRAMEWORK_SEARCH_PATHS = (
					"$(inherited)",
					"$(PROJECT_DIR)/parse-library-1-2",
					"$(PROJECT_DIR)",
				);
				INFOPLIST_FILE = Xercise/Resources/Info.plist;
				LD_RUNPATH_SEARCH_PATHS = "$(inherited) @executable_path/Frameworks";
				PRODUCT_BUNDLE_IDENTIFIER = com.KyleBlazier.Xercise;
				PRODUCT_NAME = "$(TARGET_NAME)";
				PROVISIONING_PROFILE = "";
				SWIFT_OBJC_BRIDGING_HEADER = "Xercise/Resources/Xercise-Bridging-Header.h";
				SWIFT_OPTIMIZATION_LEVEL = "-Onone";
				SWIFT_VERSION = 2.3;
			};
			name = Debug;
		};
		251F1C241BDFD1DC00B1F3B0 /* Release */ = {
			isa = XCBuildConfiguration;
			baseConfigurationReference = 4FC901D8CE0B1C1A7A647927 /* Pods-Xercise.release.xcconfig */;
			buildSettings = {
				ASSETCATALOG_COMPILER_APPICON_NAME = AppIcon;
				CLANG_ENABLE_MODULES = YES;
				CODE_SIGN_IDENTITY = "iPhone Developer";
				"CODE_SIGN_IDENTITY[sdk=iphoneos*]" = "iPhone Developer";
				FRAMEWORK_SEARCH_PATHS = (
					"$(inherited)",
					"$(PROJECT_DIR)/parse-library-1-2",
					"$(PROJECT_DIR)",
				);
				INFOPLIST_FILE = Xercise/Resources/Info.plist;
				LD_RUNPATH_SEARCH_PATHS = "$(inherited) @executable_path/Frameworks";
				PRODUCT_BUNDLE_IDENTIFIER = com.KyleBlazier.Xercise;
				PRODUCT_NAME = "$(TARGET_NAME)";
				PROVISIONING_PROFILE = "";
				SWIFT_OBJC_BRIDGING_HEADER = "Xercise/Resources/Xercise-Bridging-Header.h";
				SWIFT_VERSION = 2.3;
			};
			name = Release;
		};
		251F1C261BDFD1DC00B1F3B0 /* Debug */ = {
			isa = XCBuildConfiguration;
			baseConfigurationReference = 3BFBD89AC0AA1A2D726BEF2F /* Pods-XerciseTests.debug.xcconfig */;
			buildSettings = {
				BUNDLE_LOADER = "$(TEST_HOST)";
				CLANG_ENABLE_MODULES = YES;
				FRAMEWORK_SEARCH_PATHS = (
					"$(inherited)",
					"$(PROJECT_DIR)/parse-library-1-2",
					"$(PROJECT_DIR)",
				);
				INFOPLIST_FILE = XerciseTests/Info.plist;
				LD_RUNPATH_SEARCH_PATHS = "$(inherited) @executable_path/Frameworks @loader_path/Frameworks";
				PRODUCT_BUNDLE_IDENTIFIER = KyleBlazier.XerciseTests;
				PRODUCT_NAME = "$(TARGET_NAME)";
				SWIFT_OBJC_BRIDGING_HEADER = "Xercise/XerciseTests-Bridging-Header.h";
				SWIFT_OPTIMIZATION_LEVEL = "-Onone";
				SWIFT_VERSION = 2.3;
				TEST_HOST = "$(BUILT_PRODUCTS_DIR)/Xercise.app/Xercise";
			};
			name = Debug;
		};
		251F1C271BDFD1DC00B1F3B0 /* Release */ = {
			isa = XCBuildConfiguration;
			baseConfigurationReference = 7216799C79EA730E836B6ED4 /* Pods-XerciseTests.release.xcconfig */;
			buildSettings = {
				BUNDLE_LOADER = "$(TEST_HOST)";
				CLANG_ENABLE_MODULES = YES;
				FRAMEWORK_SEARCH_PATHS = (
					"$(inherited)",
					"$(PROJECT_DIR)/parse-library-1-2",
					"$(PROJECT_DIR)",
				);
				INFOPLIST_FILE = XerciseTests/Info.plist;
				LD_RUNPATH_SEARCH_PATHS = "$(inherited) @executable_path/Frameworks @loader_path/Frameworks";
				PRODUCT_BUNDLE_IDENTIFIER = KyleBlazier.XerciseTests;
				PRODUCT_NAME = "$(TARGET_NAME)";
				SWIFT_OBJC_BRIDGING_HEADER = "Xercise/XerciseTests-Bridging-Header.h";
				SWIFT_VERSION = 2.3;
				TEST_HOST = "$(BUILT_PRODUCTS_DIR)/Xercise.app/Xercise";
			};
			name = Release;
		};
		251F1C291BDFD1DC00B1F3B0 /* Debug */ = {
			isa = XCBuildConfiguration;
			baseConfigurationReference = 87850179EFBE1D6E5BDCDCD2 /* Pods-XerciseUITests.debug.xcconfig */;
			buildSettings = {
				CLANG_ENABLE_MODULES = YES;
				FRAMEWORK_SEARCH_PATHS = (
					"$(inherited)",
					"$(PROJECT_DIR)/parse-library-1-2",
					"$(PROJECT_DIR)",
				);
				INFOPLIST_FILE = XerciseUITests/Info.plist;
				LD_RUNPATH_SEARCH_PATHS = "$(inherited) @executable_path/Frameworks @loader_path/Frameworks";
				PRODUCT_BUNDLE_IDENTIFIER = KyleBlazier.XerciseUITests;
				PRODUCT_NAME = "$(TARGET_NAME)";
				SWIFT_OBJC_BRIDGING_HEADER = "Xercise/XerciseUITests-Bridging-Header.h";
				SWIFT_OPTIMIZATION_LEVEL = "-Onone";
				SWIFT_VERSION = 2.3;
				TEST_TARGET_NAME = Xercise;
				USES_XCTRUNNER = YES;
			};
			name = Debug;
		};
		251F1C2A1BDFD1DC00B1F3B0 /* Release */ = {
			isa = XCBuildConfiguration;
			baseConfigurationReference = 4A5BFAC665D62C2C7378121D /* Pods-XerciseUITests.release.xcconfig */;
			buildSettings = {
				CLANG_ENABLE_MODULES = YES;
				FRAMEWORK_SEARCH_PATHS = (
					"$(inherited)",
					"$(PROJECT_DIR)/parse-library-1-2",
					"$(PROJECT_DIR)",
				);
				INFOPLIST_FILE = XerciseUITests/Info.plist;
				LD_RUNPATH_SEARCH_PATHS = "$(inherited) @executable_path/Frameworks @loader_path/Frameworks";
				PRODUCT_BUNDLE_IDENTIFIER = KyleBlazier.XerciseUITests;
				PRODUCT_NAME = "$(TARGET_NAME)";
				SWIFT_OBJC_BRIDGING_HEADER = "Xercise/XerciseUITests-Bridging-Header.h";
				SWIFT_VERSION = 2.3;
				TEST_TARGET_NAME = Xercise;
				USES_XCTRUNNER = YES;
			};
			name = Release;
		};
/* End XCBuildConfiguration section */

/* Begin XCConfigurationList section */
		251F1BF21BDFD1DC00B1F3B0 /* Build configuration list for PBXProject "Xercise" */ = {
			isa = XCConfigurationList;
			buildConfigurations = (
				251F1C201BDFD1DC00B1F3B0 /* Debug */,
				251F1C211BDFD1DC00B1F3B0 /* Release */,
			);
			defaultConfigurationIsVisible = 0;
			defaultConfigurationName = Release;
		};
		251F1C221BDFD1DC00B1F3B0 /* Build configuration list for PBXNativeTarget "Xercise" */ = {
			isa = XCConfigurationList;
			buildConfigurations = (
				251F1C231BDFD1DC00B1F3B0 /* Debug */,
				251F1C241BDFD1DC00B1F3B0 /* Release */,
			);
			defaultConfigurationIsVisible = 0;
			defaultConfigurationName = Release;
		};
		251F1C251BDFD1DC00B1F3B0 /* Build configuration list for PBXNativeTarget "XerciseTests" */ = {
			isa = XCConfigurationList;
			buildConfigurations = (
				251F1C261BDFD1DC00B1F3B0 /* Debug */,
				251F1C271BDFD1DC00B1F3B0 /* Release */,
			);
			defaultConfigurationIsVisible = 0;
			defaultConfigurationName = Release;
		};
		251F1C281BDFD1DC00B1F3B0 /* Build configuration list for PBXNativeTarget "XerciseUITests" */ = {
			isa = XCConfigurationList;
			buildConfigurations = (
				251F1C291BDFD1DC00B1F3B0 /* Debug */,
				251F1C2A1BDFD1DC00B1F3B0 /* Release */,
			);
			defaultConfigurationIsVisible = 0;
			defaultConfigurationName = Release;
		};
/* End XCConfigurationList section */

/* Begin XCVersionGroup section */
		25F9E1ED1E1581FA00777826 /* Xercise.xcdatamodeld */ = {
			isa = XCVersionGroup;
			children = (
				25F9E1EE1E1581FA00777826 /* Xercise.xcdatamodel */,
			);
			currentVersion = 25F9E1EE1E1581FA00777826 /* Xercise.xcdatamodel */;
			name = Xercise.xcdatamodeld;
			path = Resources/Xercise.xcdatamodeld;
			sourceTree = "<group>";
			versionGroupType = wrapper.xcdatamodel;
		};
/* End XCVersionGroup section */
	};
	rootObject = 251F1BEF1BDFD1DC00B1F3B0 /* Project object */;
}
